<?xml version="1.0"?>
<plist version="1.0">
	<dict>
		<key>archiveVersion</key>
		<string>1</string>
		<key>classes</key>
		<dict />
		<key>objectVersion</key>
		<string>46</string>
		<key>objects</key>
		<dict>
			<key>8056178686B456A8A3E254E8</key>
			<dict>
				<key>explicitFileType</key>
				<string>sourcecode.c.h</string>
				<key>fileEncoding</key>
				<string>30</string>
				<key>isa</key>
				<string>PBXFileReference</string>
				<key>name</key>
				<string>XnVersion.h</string>
				<key>path</key>
				<string>../../../addons/ofxOpenNI/libs/include/openni/XnVersion.h</string>
				<key>sourceTree</key>
				<string>SOURCE_ROOT</string>
			</dict>
			<key>D3693D0719AA5E56B086DB8A</key>
			<dict>
				<key>explicitFileType</key>
				<string>sourcecode.c.h</string>
				<key>fileEncoding</key>
				<string>30</string>
				<key>isa</key>
				<string>PBXFileReference</string>
				<key>name</key>
				<string>XnUtils.h</string>
				<key>path</key>
				<string>../../../addons/ofxOpenNI/libs/include/openni/XnUtils.h</string>
				<key>sourceTree</key>
				<string>SOURCE_ROOT</string>
			</dict>
			<key>CBBBC928DF182C6645FD25CB</key>
			<dict>
				<key>explicitFileType</key>
				<string>sourcecode.c.h</string>
				<key>fileEncoding</key>
				<string>30</string>
				<key>isa</key>
				<string>PBXFileReference</string>
				<key>name</key>
				<string>XnUSBDevice.h</string>
				<key>path</key>
				<string>../../../addons/ofxOpenNI/libs/include/openni/XnUSBDevice.h</string>
				<key>sourceTree</key>
				<string>SOURCE_ROOT</string>
			</dict>
			<key>33923B1AEC9AB0B4F861AB3D</key>
			<dict>
				<key>explicitFileType</key>
				<string>sourcecode.c.h</string>
				<key>fileEncoding</key>
				<string>30</string>
				<key>isa</key>
				<string>PBXFileReference</string>
				<key>name</key>
				<string>XnUSB.h</string>
				<key>path</key>
				<string>../../../addons/ofxOpenNI/libs/include/openni/XnUSB.h</string>
				<key>sourceTree</key>
				<string>SOURCE_ROOT</string>
			</dict>
			<key>CE9AAC510698A1CBFB2B1AB8</key>
			<dict>
				<key>explicitFileType</key>
				<string>sourcecode.c.h</string>
				<key>fileEncoding</key>
				<string>30</string>
				<key>isa</key>
				<string>PBXFileReference</string>
				<key>name</key>
				<string>XnTypes.h</string>
				<key>path</key>
				<string>../../../addons/ofxOpenNI/libs/include/openni/XnTypes.h</string>
				<key>sourceTree</key>
				<string>SOURCE_ROOT</string>
			</dict>
			<key>C73281A2416BF489700B7E4B</key>
			<dict>
				<key>explicitFileType</key>
				<string>sourcecode.c.h</string>
				<key>fileEncoding</key>
				<string>30</string>
				<key>isa</key>
				<string>PBXFileReference</string>
				<key>name</key>
				<string>XnThreadSafeQueue.h</string>
				<key>path</key>
				<string>../../../addons/ofxOpenNI/libs/include/openni/XnThreadSafeQueue.h</string>
				<key>sourceTree</key>
				<string>SOURCE_ROOT</string>
			</dict>
			<key>405D75197A989FD40753742F</key>
			<dict>
				<key>explicitFileType</key>
				<string>sourcecode.c.h</string>
				<key>fileEncoding</key>
				<string>30</string>
				<key>isa</key>
				<string>PBXFileReference</string>
				<key>name</key>
				<string>XnStringsHash.h</string>
				<key>path</key>
				<string>../../../addons/ofxOpenNI/libs/include/openni/XnStringsHash.h</string>
				<key>sourceTree</key>
				<string>SOURCE_ROOT</string>
			</dict>
			<key>E445DAC9BBB9BBDAC40B22CD</key>
			<dict>
				<key>explicitFileType</key>
				<string>sourcecode.c.h</string>
				<key>fileEncoding</key>
				<string>30</string>
				<key>isa</key>
				<string>PBXFileReference</string>
				<key>name</key>
				<string>XnStatusRegister.h</string>
				<key>path</key>
				<string>../../../addons/ofxOpenNI/libs/include/openni/XnStatusRegister.h</string>
				<key>sourceTree</key>
				<string>SOURCE_ROOT</string>
			</dict>
			<key>D16D7071B6A162089450C9F3</key>
			<dict>
				<key>explicitFileType</key>
				<string>sourcecode.c.h</string>
				<key>fileEncoding</key>
				<string>30</string>
				<key>isa</key>
				<string>PBXFileReference</string>
				<key>name</key>
				<string>XnStatusCodes.h</string>
				<key>path</key>
				<string>../../../addons/ofxOpenNI/libs/include/openni/XnStatusCodes.h</string>
				<key>sourceTree</key>
				<string>SOURCE_ROOT</string>
			</dict>
			<key>8A7AE85ACD4EBB7FD1014F20</key>
			<dict>
				<key>explicitFileType</key>
				<string>sourcecode.c.h</string>
				<key>fileEncoding</key>
				<string>30</string>
				<key>isa</key>
				<string>PBXFileReference</string>
				<key>name</key>
				<string>XnStatus.h</string>
				<key>path</key>
				<string>../../../addons/ofxOpenNI/libs/include/openni/XnStatus.h</string>
				<key>sourceTree</key>
				<string>SOURCE_ROOT</string>
			</dict>
			<key>D39194C268A60E69A4E25AD3</key>
			<dict>
				<key>explicitFileType</key>
				<string>sourcecode.c.h</string>
				<key>fileEncoding</key>
				<string>30</string>
				<key>isa</key>
				<string>PBXFileReference</string>
				<key>name</key>
				<string>XnStack.h</string>
				<key>path</key>
				<string>../../../addons/ofxOpenNI/libs/include/openni/XnStack.h</string>
				<key>sourceTree</key>
				<string>SOURCE_ROOT</string>
			</dict>
			<key>948D52B877B9516F5A481D66</key>
			<dict>
				<key>explicitFileType</key>
				<string>sourcecode.c.h</string>
				<key>fileEncoding</key>
				<string>30</string>
				<key>isa</key>
				<string>PBXFileReference</string>
				<key>name</key>
				<string>XnScheduler.h</string>
				<key>path</key>
				<string>../../../addons/ofxOpenNI/libs/include/openni/XnScheduler.h</string>
				<key>sourceTree</key>
				<string>SOURCE_ROOT</string>
			</dict>
			<key>99D818050C1679E0B898B18B</key>
			<dict>
				<key>explicitFileType</key>
				<string>sourcecode.c.h</string>
				<key>fileEncoding</key>
				<string>30</string>
				<key>isa</key>
				<string>PBXFileReference</string>
				<key>name</key>
				<string>XnQueue.h</string>
				<key>path</key>
				<string>../../../addons/ofxOpenNI/libs/include/openni/XnQueue.h</string>
				<key>sourceTree</key>
				<string>SOURCE_ROOT</string>
			</dict>
			<key>BD08E1D0F880C05E2E34A637</key>
			<dict>
				<key>explicitFileType</key>
				<string>sourcecode.c.h</string>
				<key>fileEncoding</key>
				<string>30</string>
				<key>isa</key>
				<string>PBXFileReference</string>
				<key>name</key>
				<string>XnQueries.h</string>
				<key>path</key>
				<string>../../../addons/ofxOpenNI/libs/include/openni/XnQueries.h</string>
				<key>sourceTree</key>
				<string>SOURCE_ROOT</string>
			</dict>
			<key>C25CA03C94C95DD67E6A6A06</key>
			<dict>
				<key>explicitFileType</key>
				<string>sourcecode.c.h</string>
				<key>fileEncoding</key>
				<string>30</string>
				<key>isa</key>
				<string>PBXFileReference</string>
				<key>name</key>
				<string>XnPropNames.h</string>
				<key>path</key>
				<string>../../../addons/ofxOpenNI/libs/include/openni/XnPropNames.h</string>
				<key>sourceTree</key>
				<string>SOURCE_ROOT</string>
			</dict>
			<key>C757DF24D757BA8AA42E0A3D</key>
			<dict>
				<key>explicitFileType</key>
				<string>sourcecode.c.h</string>
				<key>fileEncoding</key>
				<string>30</string>
				<key>isa</key>
				<string>PBXFileReference</string>
				<key>name</key>
				<string>XnProfiling.h</string>
				<key>path</key>
				<string>../../../addons/ofxOpenNI/libs/include/openni/XnProfiling.h</string>
				<key>sourceTree</key>
				<string>SOURCE_ROOT</string>
			</dict>
			<key>7EF1E5A842C552F1279F0FE6</key>
			<dict>
				<key>explicitFileType</key>
				<string>sourcecode.c.h</string>
				<key>fileEncoding</key>
				<string>30</string>
				<key>isa</key>
				<string>PBXFileReference</string>
				<key>name</key>
				<string>XnPrdNodeInfoList.h</string>
				<key>path</key>
				<string>../../../addons/ofxOpenNI/libs/include/openni/XnPrdNodeInfoList.h</string>
				<key>sourceTree</key>
				<string>SOURCE_ROOT</string>
			</dict>
			<key>7C82D35B868AC1301BD7A06B</key>
			<dict>
				<key>explicitFileType</key>
				<string>sourcecode.c.h</string>
				<key>fileEncoding</key>
				<string>30</string>
				<key>isa</key>
				<string>PBXFileReference</string>
				<key>name</key>
				<string>XnPrdNodeInfo.h</string>
				<key>path</key>
				<string>../../../addons/ofxOpenNI/libs/include/openni/XnPrdNodeInfo.h</string>
				<key>sourceTree</key>
				<string>SOURCE_ROOT</string>
			</dict>
			<key>86B7A36F0A17EB5796D0B57A</key>
			<dict>
				<key>explicitFileType</key>
				<string>sourcecode.c.h</string>
				<key>fileEncoding</key>
				<string>30</string>
				<key>isa</key>
				<string>PBXFileReference</string>
				<key>name</key>
				<string>XnPrdNode.h</string>
				<key>path</key>
				<string>../../../addons/ofxOpenNI/libs/include/openni/XnPrdNode.h</string>
				<key>sourceTree</key>
				<string>SOURCE_ROOT</string>
			</dict>
			<key>B54475C02FE19592F950BB56</key>
			<dict>
				<key>explicitFileType</key>
				<string>sourcecode.c.h</string>
				<key>fileEncoding</key>
				<string>30</string>
				<key>isa</key>
				<string>PBXFileReference</string>
				<key>name</key>
				<string>XnPlatform.h</string>
				<key>path</key>
				<string>../../../addons/ofxOpenNI/libs/include/openni/XnPlatform.h</string>
				<key>sourceTree</key>
				<string>SOURCE_ROOT</string>
			</dict>
			<key>22F48D13402674EA29F6ECAB</key>
			<dict>
				<key>explicitFileType</key>
				<string>sourcecode.c.h</string>
				<key>fileEncoding</key>
				<string>30</string>
				<key>isa</key>
				<string>PBXFileReference</string>
				<key>name</key>
				<string>XnOSStrings.h</string>
				<key>path</key>
				<string>../../../addons/ofxOpenNI/libs/include/openni/XnOSStrings.h</string>
				<key>sourceTree</key>
				<string>SOURCE_ROOT</string>
			</dict>
			<key>815F1BF1BCBFAA78BE02A073</key>
			<dict>
				<key>explicitFileType</key>
				<string>sourcecode.c.h</string>
				<key>fileEncoding</key>
				<string>30</string>
				<key>isa</key>
				<string>PBXFileReference</string>
				<key>name</key>
				<string>XnOSMemory.h</string>
				<key>path</key>
				<string>../../../addons/ofxOpenNI/libs/include/openni/XnOSMemory.h</string>
				<key>sourceTree</key>
				<string>SOURCE_ROOT</string>
			</dict>
			<key>FA84F2E560273935AF942790</key>
			<dict>
				<key>explicitFileType</key>
				<string>sourcecode.c.h</string>
				<key>fileEncoding</key>
				<string>30</string>
				<key>isa</key>
				<string>PBXFileReference</string>
				<key>name</key>
				<string>XnOSCpp.h</string>
				<key>path</key>
				<string>../../../addons/ofxOpenNI/libs/include/openni/XnOSCpp.h</string>
				<key>sourceTree</key>
				<string>SOURCE_ROOT</string>
			</dict>
			<key>096230D8375A851BE62BE0B1</key>
			<dict>
				<key>explicitFileType</key>
				<string>sourcecode.c.h</string>
				<key>fileEncoding</key>
				<string>30</string>
				<key>isa</key>
				<string>PBXFileReference</string>
				<key>name</key>
				<string>XnOS.h</string>
				<key>path</key>
				<string>../../../addons/ofxOpenNI/libs/include/openni/XnOS.h</string>
				<key>sourceTree</key>
				<string>SOURCE_ROOT</string>
			</dict>
			<key>60DDC8A4FA7D5A2B481E7AE5</key>
			<dict>
				<key>explicitFileType</key>
				<string>sourcecode.c.h</string>
				<key>fileEncoding</key>
				<string>30</string>
				<key>isa</key>
				<string>PBXFileReference</string>
				<key>name</key>
				<string>XnOpenNI.h</string>
				<key>path</key>
				<string>../../../addons/ofxOpenNI/libs/include/openni/XnOpenNI.h</string>
				<key>sourceTree</key>
				<string>SOURCE_ROOT</string>
			</dict>
			<key>5746FF7FDB0392A0FF7E5122</key>
			<dict>
				<key>explicitFileType</key>
				<string>sourcecode.c.h</string>
				<key>fileEncoding</key>
				<string>30</string>
				<key>isa</key>
				<string>PBXFileReference</string>
				<key>name</key>
				<string>XnNodeAllocator.h</string>
				<key>path</key>
				<string>../../../addons/ofxOpenNI/libs/include/openni/XnNodeAllocator.h</string>
				<key>sourceTree</key>
				<string>SOURCE_ROOT</string>
			</dict>
			<key>9F6834A79698AA8D9050E858</key>
			<dict>
				<key>explicitFileType</key>
				<string>sourcecode.c.h</string>
				<key>fileEncoding</key>
				<string>30</string>
				<key>isa</key>
				<string>PBXFileReference</string>
				<key>name</key>
				<string>XnNode.h</string>
				<key>path</key>
				<string>../../../addons/ofxOpenNI/libs/include/openni/XnNode.h</string>
				<key>sourceTree</key>
				<string>SOURCE_ROOT</string>
			</dict>
			<key>727952858539F2F46067C88A</key>
			<dict>
				<key>explicitFileType</key>
				<string>sourcecode.c.h</string>
				<key>fileEncoding</key>
				<string>30</string>
				<key>isa</key>
				<string>PBXFileReference</string>
				<key>name</key>
				<string>XnModuleInterface.h</string>
				<key>path</key>
				<string>../../../addons/ofxOpenNI/libs/include/openni/XnModuleInterface.h</string>
				<key>sourceTree</key>
				<string>SOURCE_ROOT</string>
			</dict>
			<key>D8BF9DCAAC50D3F5A162A7D1</key>
			<dict>
				<key>explicitFileType</key>
				<string>sourcecode.c.h</string>
				<key>fileEncoding</key>
				<string>30</string>
				<key>isa</key>
				<string>PBXFileReference</string>
				<key>name</key>
				<string>XnModuleCppRegistratration.h</string>
				<key>path</key>
				<string>../../../addons/ofxOpenNI/libs/include/openni/XnModuleCppRegistratration.h</string>
				<key>sourceTree</key>
				<string>SOURCE_ROOT</string>
			</dict>
			<key>A2ABA9E53080DE8AE698B260</key>
			<dict>
				<key>explicitFileType</key>
				<string>sourcecode.c.h</string>
				<key>fileEncoding</key>
				<string>30</string>
				<key>isa</key>
				<string>PBXFileReference</string>
				<key>name</key>
				<string>XnModuleCppInterface.h</string>
				<key>path</key>
				<string>../../../addons/ofxOpenNI/libs/include/openni/XnModuleCppInterface.h</string>
				<key>sourceTree</key>
				<string>SOURCE_ROOT</string>
			</dict>
			<key>1D8336E00CA0F3A154EFA23F</key>
			<dict>
				<key>explicitFileType</key>
				<string>sourcecode.c.h</string>
				<key>fileEncoding</key>
				<string>30</string>
				<key>isa</key>
				<string>PBXFileReference</string>
				<key>name</key>
				<string>XnModuleCFunctions.h</string>
				<key>path</key>
				<string>../../../addons/ofxOpenNI/libs/include/openni/XnModuleCFunctions.h</string>
				<key>sourceTree</key>
				<string>SOURCE_ROOT</string>
			</dict>
			<key>A4084FC1325AD5211818880F</key>
			<dict>
				<key>explicitFileType</key>
				<string>sourcecode.c.h</string>
				<key>fileEncoding</key>
				<string>30</string>
				<key>isa</key>
				<string>PBXFileReference</string>
				<key>name</key>
				<string>XnMacros.h</string>
				<key>path</key>
				<string>../../../addons/ofxOpenNI/libs/include/openni/XnMacros.h</string>
				<key>sourceTree</key>
				<string>SOURCE_ROOT</string>
			</dict>
			<key>463530B8EC0C844E2169ADCC</key>
			<dict>
				<key>explicitFileType</key>
				<string>sourcecode.c.h</string>
				<key>fileEncoding</key>
				<string>30</string>
				<key>isa</key>
				<string>PBXFileReference</string>
				<key>name</key>
				<string>XnLogWriterBase.h</string>
				<key>path</key>
				<string>../../../addons/ofxOpenNI/libs/include/openni/XnLogWriterBase.h</string>
				<key>sourceTree</key>
				<string>SOURCE_ROOT</string>
			</dict>
			<key>263553AB4475B857CB0F06D4</key>
			<dict>
				<key>explicitFileType</key>
				<string>sourcecode.c.h</string>
				<key>fileEncoding</key>
				<string>30</string>
				<key>isa</key>
				<string>PBXFileReference</string>
				<key>name</key>
				<string>XnLogTypes.h</string>
				<key>path</key>
				<string>../../../addons/ofxOpenNI/libs/include/openni/XnLogTypes.h</string>
				<key>sourceTree</key>
				<string>SOURCE_ROOT</string>
			</dict>
			<key>133E07E029EB4EB8D143BADE</key>
			<dict>
				<key>explicitFileType</key>
				<string>sourcecode.c.h</string>
				<key>fileEncoding</key>
				<string>30</string>
				<key>isa</key>
				<string>PBXFileReference</string>
				<key>name</key>
				<string>XnLog.h</string>
				<key>path</key>
				<string>../../../addons/ofxOpenNI/libs/include/openni/XnLog.h</string>
				<key>sourceTree</key>
				<string>SOURCE_ROOT</string>
			</dict>
			<key>C5D299127E7FA07111392CAB</key>
			<dict>
				<key>explicitFileType</key>
				<string>sourcecode.c.h</string>
				<key>fileEncoding</key>
				<string>30</string>
				<key>isa</key>
				<string>PBXFileReference</string>
				<key>name</key>
				<string>XnList.h</string>
				<key>path</key>
				<string>../../../addons/ofxOpenNI/libs/include/openni/XnList.h</string>
				<key>sourceTree</key>
				<string>SOURCE_ROOT</string>
			</dict>
			<key>0679A5CD382A1C309A6DC84F</key>
			<dict>
				<key>explicitFileType</key>
				<string>sourcecode.c.h</string>
				<key>fileEncoding</key>
				<string>30</string>
				<key>isa</key>
				<string>PBXFileReference</string>
				<key>name</key>
				<string>XnLicensing.h</string>
				<key>path</key>
				<string>../../../addons/ofxOpenNI/libs/include/openni/XnLicensing.h</string>
				<key>sourceTree</key>
				<string>SOURCE_ROOT</string>
			</dict>
			<key>A82D6C5E1FD11F0292016D05</key>
			<dict>
				<key>explicitFileType</key>
				<string>sourcecode.c.h</string>
				<key>fileEncoding</key>
				<string>30</string>
				<key>isa</key>
				<string>PBXFileReference</string>
				<key>name</key>
				<string>XnInternalDefs.h</string>
				<key>path</key>
				<string>../../../addons/ofxOpenNI/libs/include/openni/XnInternalDefs.h</string>
				<key>sourceTree</key>
				<string>SOURCE_ROOT</string>
			</dict>
			<key>8E7A0A9EE515418FD9F5FFA9</key>
			<dict>
				<key>explicitFileType</key>
				<string>sourcecode.c.h</string>
				<key>fileEncoding</key>
				<string>30</string>
				<key>isa</key>
				<string>PBXFileReference</string>
				<key>name</key>
				<string>XnHash.h</string>
				<key>path</key>
				<string>../../../addons/ofxOpenNI/libs/include/openni/XnHash.h</string>
				<key>sourceTree</key>
				<string>SOURCE_ROOT</string>
			</dict>
			<key>6F035DEADA76F7BF25BDB5BC</key>
			<dict>
				<key>explicitFileType</key>
				<string>sourcecode.c.h</string>
				<key>fileEncoding</key>
				<string>30</string>
				<key>isa</key>
				<string>PBXFileReference</string>
				<key>name</key>
				<string>XnGeneralBuffer.h</string>
				<key>path</key>
				<string>../../../addons/ofxOpenNI/libs/include/openni/XnGeneralBuffer.h</string>
				<key>sourceTree</key>
				<string>SOURCE_ROOT</string>
			</dict>
			<key>A96669E96A975F5DB72BC02C</key>
			<dict>
				<key>explicitFileType</key>
				<string>sourcecode.c.h</string>
				<key>fileEncoding</key>
				<string>30</string>
				<key>isa</key>
				<string>PBXFileReference</string>
				<key>name</key>
				<string>XnFPSCalculator.h</string>
				<key>path</key>
				<string>../../../addons/ofxOpenNI/libs/include/openni/XnFPSCalculator.h</string>
				<key>sourceTree</key>
				<string>SOURCE_ROOT</string>
			</dict>
			<key>674F0F37D92864ECA55CD594</key>
			<dict>
				<key>explicitFileType</key>
				<string>sourcecode.c.h</string>
				<key>fileEncoding</key>
				<string>30</string>
				<key>isa</key>
				<string>PBXFileReference</string>
				<key>name</key>
				<string>XnEvent.h</string>
				<key>path</key>
				<string>../../../addons/ofxOpenNI/libs/include/openni/XnEvent.h</string>
				<key>sourceTree</key>
				<string>SOURCE_ROOT</string>
			</dict>
			<key>193DCB62C04282D1E6BFFC4B</key>
			<dict>
				<key>explicitFileType</key>
				<string>sourcecode.c.h</string>
				<key>fileEncoding</key>
				<string>30</string>
				<key>isa</key>
				<string>PBXFileReference</string>
				<key>name</key>
				<string>XnEnumerationErrors.h</string>
				<key>path</key>
				<string>../../../addons/ofxOpenNI/libs/include/openni/XnEnumerationErrors.h</string>
				<key>sourceTree</key>
				<string>SOURCE_ROOT</string>
			</dict>
			<key>1A1FFE6094B44E495E397D75</key>
			<dict>
				<key>explicitFileType</key>
				<string>sourcecode.c.h</string>
				<key>fileEncoding</key>
				<string>30</string>
				<key>isa</key>
				<string>PBXFileReference</string>
				<key>name</key>
				<string>XnDumpWriters.h</string>
				<key>path</key>
				<string>../../../addons/ofxOpenNI/libs/include/openni/XnDumpWriters.h</string>
				<key>sourceTree</key>
				<string>SOURCE_ROOT</string>
			</dict>
			<key>9F4EAEE39CE3F6E80CEBF54A</key>
			<dict>
				<key>explicitFileType</key>
				<string>sourcecode.c.h</string>
				<key>fileEncoding</key>
				<string>30</string>
				<key>isa</key>
				<string>PBXFileReference</string>
				<key>name</key>
				<string>XnDump.h</string>
				<key>path</key>
				<string>../../../addons/ofxOpenNI/libs/include/openni/XnDump.h</string>
				<key>sourceTree</key>
				<string>SOURCE_ROOT</string>
			</dict>
			<key>F0F72943A4BDA515D61AB3D7</key>
			<dict>
				<key>explicitFileType</key>
				<string>sourcecode.c.h</string>
				<key>fileEncoding</key>
				<string>30</string>
				<key>isa</key>
				<string>PBXFileReference</string>
				<key>name</key>
				<string>XnDerivedCast.h</string>
				<key>path</key>
				<string>../../../addons/ofxOpenNI/libs/include/openni/XnDerivedCast.h</string>
				<key>sourceTree</key>
				<string>SOURCE_ROOT</string>
			</dict>
			<key>0A9A2981ED099233C25B3D58</key>
			<dict>
				<key>explicitFileType</key>
				<string>sourcecode.c.h</string>
				<key>fileEncoding</key>
				<string>30</string>
				<key>isa</key>
				<string>PBXFileReference</string>
				<key>name</key>
				<string>XnDataTypes.h</string>
				<key>path</key>
				<string>../../../addons/ofxOpenNI/libs/include/openni/XnDataTypes.h</string>
				<key>sourceTree</key>
				<string>SOURCE_ROOT</string>
			</dict>
			<key>38ED10FDCA287565231CF750</key>
			<dict>
				<key>explicitFileType</key>
				<string>sourcecode.c.h</string>
				<key>fileEncoding</key>
				<string>30</string>
				<key>isa</key>
				<string>PBXFileReference</string>
				<key>name</key>
				<string>XnCppWrapper.h</string>
				<key>path</key>
				<string>../../../addons/ofxOpenNI/libs/include/openni/XnCppWrapper.h</string>
				<key>sourceTree</key>
				<string>SOURCE_ROOT</string>
			</dict>
			<key>674AD99917A093F018116D22</key>
			<dict>
				<key>explicitFileType</key>
				<string>sourcecode.c.h</string>
				<key>fileEncoding</key>
				<string>30</string>
				<key>isa</key>
				<string>PBXFileReference</string>
				<key>name</key>
				<string>XnContext.h</string>
				<key>path</key>
				<string>../../../addons/ofxOpenNI/libs/include/openni/XnContext.h</string>
				<key>sourceTree</key>
				<string>SOURCE_ROOT</string>
			</dict>
			<key>92AEAB898510CC9ED018BF93</key>
			<dict>
				<key>explicitFileType</key>
				<string>sourcecode.c.h</string>
				<key>fileEncoding</key>
				<string>30</string>
				<key>isa</key>
				<string>PBXFileReference</string>
				<key>name</key>
				<string>XnCodecIDs.h</string>
				<key>path</key>
				<string>../../../addons/ofxOpenNI/libs/include/openni/XnCodecIDs.h</string>
				<key>sourceTree</key>
				<string>SOURCE_ROOT</string>
			</dict>
			<key>BADC12296D405787293107B6</key>
			<dict>
				<key>explicitFileType</key>
				<string>sourcecode.c.h</string>
				<key>fileEncoding</key>
				<string>30</string>
				<key>isa</key>
				<string>PBXFileReference</string>
				<key>name</key>
				<string>XnCallback.h</string>
				<key>path</key>
				<string>../../../addons/ofxOpenNI/libs/include/openni/XnCallback.h</string>
				<key>sourceTree</key>
				<string>SOURCE_ROOT</string>
			</dict>
			<key>57F53F2036847EA974A671A0</key>
			<dict>
				<key>explicitFileType</key>
				<string>sourcecode.c.h</string>
				<key>fileEncoding</key>
				<string>30</string>
				<key>isa</key>
				<string>PBXFileReference</string>
				<key>name</key>
				<string>XnBitSet.h</string>
				<key>path</key>
				<string>../../../addons/ofxOpenNI/libs/include/openni/XnBitSet.h</string>
				<key>sourceTree</key>
				<string>SOURCE_ROOT</string>
			</dict>
			<key>CF4DF652803DB00F888C307D</key>
			<dict>
				<key>explicitFileType</key>
				<string>sourcecode.c.h</string>
				<key>fileEncoding</key>
				<string>30</string>
				<key>isa</key>
				<string>PBXFileReference</string>
				<key>name</key>
				<string>XnBaseNode.h</string>
				<key>path</key>
				<string>../../../addons/ofxOpenNI/libs/include/openni/XnBaseNode.h</string>
				<key>sourceTree</key>
				<string>SOURCE_ROOT</string>
			</dict>
			<key>56B37BD9E8C887505FCAEA30</key>
			<dict>
				<key>explicitFileType</key>
				<string>sourcecode.c.h</string>
				<key>fileEncoding</key>
				<string>30</string>
				<key>isa</key>
				<string>PBXFileReference</string>
				<key>name</key>
				<string>XnArray.h</string>
				<key>path</key>
				<string>../../../addons/ofxOpenNI/libs/include/openni/XnArray.h</string>
				<key>sourceTree</key>
				<string>SOURCE_ROOT</string>
			</dict>
			<key>656CEB765F61FD9771EEB066</key>
			<dict>
				<key>explicitFileType</key>
				<string>sourcecode.c.h</string>
				<key>fileEncoding</key>
				<string>30</string>
				<key>isa</key>
				<string>PBXFileReference</string>
				<key>name</key>
				<string>XnAlgorithms.h</string>
				<key>path</key>
				<string>../../../addons/ofxOpenNI/libs/include/openni/XnAlgorithms.h</string>
				<key>sourceTree</key>
				<string>SOURCE_ROOT</string>
			</dict>
			<key>250146AE0A4A7C64E1614A1D</key>
			<dict>
				<key>explicitFileType</key>
				<string>sourcecode.c.h</string>
				<key>fileEncoding</key>
				<string>30</string>
				<key>isa</key>
				<string>PBXFileReference</string>
				<key>name</key>
				<string>XnPlatformWin32.h</string>
				<key>path</key>
				<string>../../../addons/ofxOpenNI/libs/include/openni/Win32/XnPlatformWin32.h</string>
				<key>sourceTree</key>
				<string>SOURCE_ROOT</string>
			</dict>
			<key>27774A8D2AE57776B831C13A</key>
			<dict>
				<key>explicitFileType</key>
				<string>sourcecode.c.h</string>
				<key>fileEncoding</key>
				<string>30</string>
				<key>isa</key>
				<string>PBXFileReference</string>
				<key>name</key>
				<string>XnOSWin32.h</string>
				<key>path</key>
				<string>../../../addons/ofxOpenNI/libs/include/openni/Win32/XnOSWin32.h</string>
				<key>sourceTree</key>
				<string>SOURCE_ROOT</string>
			</dict>
			<key>9F2F82883106BC23B779BDBA</key>
			<dict>
				<key>children</key>
				<array>
					<string>F5845951CC5E609A3DB759A0</string>
					<string>27774A8D2AE57776B831C13A</string>
					<string>250146AE0A4A7C64E1614A1D</string>
				</array>
				<key>isa</key>
				<string>PBXGroup</string>
				<key>name</key>
				<string>Win32</string>
				<key>sourceTree</key>
				<string>&lt;group&gt;</string>
			</dict>
			<key>F5845951CC5E609A3DB759A0</key>
			<dict>
				<key>explicitFileType</key>
				<string>sourcecode.c.h</string>
				<key>fileEncoding</key>
				<string>30</string>
				<key>isa</key>
				<string>PBXFileReference</string>
				<key>name</key>
				<string>usb100.h</string>
				<key>path</key>
				<string>../../../addons/ofxOpenNI/libs/include/openni/Win32/usb100.h</string>
				<key>sourceTree</key>
				<string>SOURCE_ROOT</string>
			</dict>
			<key>B27381E69ADB6E3A5F749D08</key>
			<dict>
				<key>children</key>
				<array>
					<string>139C789DCA4EAA62894ED372</string>
				</array>
				<key>isa</key>
				<string>PBXGroup</string>
				<key>name</key>
				<string>MacOSX</string>
				<key>sourceTree</key>
				<string>&lt;group&gt;</string>
			</dict>
			<key>139C789DCA4EAA62894ED372</key>
			<dict>
				<key>explicitFileType</key>
				<string>sourcecode.c.h</string>
				<key>fileEncoding</key>
				<string>30</string>
				<key>isa</key>
				<string>PBXFileReference</string>
				<key>name</key>
				<string>XnPlatformMacOSX.h</string>
				<key>path</key>
				<string>../../../addons/ofxOpenNI/libs/include/openni/MacOSX/XnPlatformMacOSX.h</string>
				<key>sourceTree</key>
				<string>SOURCE_ROOT</string>
			</dict>
			<key>1514EEF7D3A8ABD76508114E</key>
			<dict>
				<key>explicitFileType</key>
				<string>sourcecode.c.h</string>
				<key>fileEncoding</key>
				<string>30</string>
				<key>isa</key>
				<string>PBXFileReference</string>
				<key>name</key>
				<string>XnPlatformLinux-x86.h</string>
				<key>path</key>
				<string>../../../addons/ofxOpenNI/libs/include/openni/Linux-x86/XnPlatformLinux-x86.h</string>
				<key>sourceTree</key>
				<string>SOURCE_ROOT</string>
			</dict>
			<key>7F1EBBE75D13FEDD1DB89FFA</key>
			<dict>
				<key>children</key>
				<array>
					<string>FBD94B3B2447CC22675A3BF7</string>
					<string>1514EEF7D3A8ABD76508114E</string>
				</array>
				<key>isa</key>
				<string>PBXGroup</string>
				<key>name</key>
				<string>Linux-x86</string>
				<key>sourceTree</key>
				<string>&lt;group&gt;</string>
			</dict>
			<key>FBD94B3B2447CC22675A3BF7</key>
			<dict>
				<key>explicitFileType</key>
				<string>sourcecode.c.h</string>
				<key>fileEncoding</key>
				<string>30</string>
				<key>isa</key>
				<string>PBXFileReference</string>
				<key>name</key>
				<string>XnOSLinux-x86.h</string>
				<key>path</key>
				<string>../../../addons/ofxOpenNI/libs/include/openni/Linux-x86/XnOSLinux-x86.h</string>
				<key>sourceTree</key>
				<string>SOURCE_ROOT</string>
			</dict>
			<key>2EBBB4E02142A7FA4AB069CE</key>
			<dict>
				<key>children</key>
				<array>
					<string>2A66B8C069263CA1E228F129</string>
				</array>
				<key>isa</key>
				<string>PBXGroup</string>
				<key>name</key>
				<string>Linux-Arm</string>
				<key>sourceTree</key>
				<string>&lt;group&gt;</string>
			</dict>
			<key>2A66B8C069263CA1E228F129</key>
			<dict>
				<key>explicitFileType</key>
				<string>sourcecode.c.h</string>
				<key>fileEncoding</key>
				<string>30</string>
				<key>isa</key>
				<string>PBXFileReference</string>
				<key>name</key>
				<string>XnPlatformLinux-Arm.h</string>
				<key>path</key>
				<string>../../../addons/ofxOpenNI/libs/include/openni/Linux-Arm/XnPlatformLinux-Arm.h</string>
				<key>sourceTree</key>
				<string>SOURCE_ROOT</string>
			</dict>
			<key>410C955BB22B5AD3C87FAE8B</key>
			<dict>
				<key>explicitFileType</key>
				<string>sourcecode.c.h</string>
				<key>fileEncoding</key>
				<string>30</string>
				<key>isa</key>
				<string>PBXFileReference</string>
				<key>name</key>
				<string>IXnNodeAllocator.h</string>
				<key>path</key>
				<string>../../../addons/ofxOpenNI/libs/include/openni/IXnNodeAllocator.h</string>
				<key>sourceTree</key>
				<string>SOURCE_ROOT</string>
			</dict>
			<key>5BBF97F10044C942872C5C59</key>
			<dict>
				<key>explicitFileType</key>
				<string>sourcecode.c.h</string>
				<key>fileEncoding</key>
				<string>30</string>
				<key>isa</key>
				<string>PBXFileReference</string>
				<key>name</key>
				<string>XnPlatformARC.h</string>
				<key>path</key>
				<string>../../../addons/ofxOpenNI/libs/include/openni/ARC/XnPlatformARC.h</string>
				<key>sourceTree</key>
				<string>SOURCE_ROOT</string>
			</dict>
			<key>A531CDE17C27F953225AB0EB</key>
			<dict>
				<key>children</key>
				<array>
					<string>A7269F304608153C5AC6DC0F</string>
					<string>5BBF97F10044C942872C5C59</string>
				</array>
				<key>isa</key>
				<string>PBXGroup</string>
				<key>name</key>
				<string>ARC</string>
				<key>sourceTree</key>
				<string>&lt;group&gt;</string>
			</dict>
			<key>A7269F304608153C5AC6DC0F</key>
			<dict>
				<key>explicitFileType</key>
				<string>sourcecode.c.h</string>
				<key>fileEncoding</key>
				<string>30</string>
				<key>isa</key>
				<string>PBXFileReference</string>
				<key>name</key>
				<string>XnOSARC.h</string>
				<key>path</key>
				<string>../../../addons/ofxOpenNI/libs/include/openni/ARC/XnOSARC.h</string>
				<key>sourceTree</key>
				<string>SOURCE_ROOT</string>
			</dict>
			<key>7EFC0CC51417B501FC2881D7</key>
			<dict>
				<key>children</key>
				<array>
					<string>A2293B1C9F6FE00A2E1F6B4E</string>
				</array>
				<key>isa</key>
				<string>PBXGroup</string>
				<key>name</key>
				<string>Android-Arm</string>
				<key>sourceTree</key>
				<string>&lt;group&gt;</string>
			</dict>
			<key>DE7547521FC7299F08844309</key>
			<dict>
				<key>children</key>
				<array>
					<string>7EFC0CC51417B501FC2881D7</string>
					<string>A531CDE17C27F953225AB0EB</string>
					<string>410C955BB22B5AD3C87FAE8B</string>
					<string>2EBBB4E02142A7FA4AB069CE</string>
					<string>7F1EBBE75D13FEDD1DB89FFA</string>
					<string>B27381E69ADB6E3A5F749D08</string>
					<string>9F2F82883106BC23B779BDBA</string>
					<string>656CEB765F61FD9771EEB066</string>
					<string>56B37BD9E8C887505FCAEA30</string>
					<string>CF4DF652803DB00F888C307D</string>
					<string>57F53F2036847EA974A671A0</string>
					<string>BADC12296D405787293107B6</string>
					<string>92AEAB898510CC9ED018BF93</string>
					<string>674AD99917A093F018116D22</string>
					<string>38ED10FDCA287565231CF750</string>
					<string>0A9A2981ED099233C25B3D58</string>
					<string>F0F72943A4BDA515D61AB3D7</string>
					<string>9F4EAEE39CE3F6E80CEBF54A</string>
					<string>1A1FFE6094B44E495E397D75</string>
					<string>193DCB62C04282D1E6BFFC4B</string>
					<string>674F0F37D92864ECA55CD594</string>
					<string>A96669E96A975F5DB72BC02C</string>
					<string>6F035DEADA76F7BF25BDB5BC</string>
					<string>8E7A0A9EE515418FD9F5FFA9</string>
					<string>A82D6C5E1FD11F0292016D05</string>
					<string>0679A5CD382A1C309A6DC84F</string>
					<string>C5D299127E7FA07111392CAB</string>
					<string>133E07E029EB4EB8D143BADE</string>
					<string>263553AB4475B857CB0F06D4</string>
					<string>463530B8EC0C844E2169ADCC</string>
					<string>A4084FC1325AD5211818880F</string>
					<string>1D8336E00CA0F3A154EFA23F</string>
					<string>A2ABA9E53080DE8AE698B260</string>
					<string>D8BF9DCAAC50D3F5A162A7D1</string>
					<string>727952858539F2F46067C88A</string>
					<string>9F6834A79698AA8D9050E858</string>
					<string>5746FF7FDB0392A0FF7E5122</string>
					<string>60DDC8A4FA7D5A2B481E7AE5</string>
					<string>096230D8375A851BE62BE0B1</string>
					<string>FA84F2E560273935AF942790</string>
					<string>815F1BF1BCBFAA78BE02A073</string>
					<string>22F48D13402674EA29F6ECAB</string>
					<string>B54475C02FE19592F950BB56</string>
					<string>86B7A36F0A17EB5796D0B57A</string>
					<string>7C82D35B868AC1301BD7A06B</string>
					<string>7EF1E5A842C552F1279F0FE6</string>
					<string>C757DF24D757BA8AA42E0A3D</string>
					<string>C25CA03C94C95DD67E6A6A06</string>
					<string>BD08E1D0F880C05E2E34A637</string>
					<string>99D818050C1679E0B898B18B</string>
					<string>948D52B877B9516F5A481D66</string>
					<string>D39194C268A60E69A4E25AD3</string>
					<string>8A7AE85ACD4EBB7FD1014F20</string>
					<string>D16D7071B6A162089450C9F3</string>
					<string>E445DAC9BBB9BBDAC40B22CD</string>
					<string>405D75197A989FD40753742F</string>
					<string>C73281A2416BF489700B7E4B</string>
					<string>CE9AAC510698A1CBFB2B1AB8</string>
					<string>33923B1AEC9AB0B4F861AB3D</string>
					<string>CBBBC928DF182C6645FD25CB</string>
					<string>D3693D0719AA5E56B086DB8A</string>
					<string>8056178686B456A8A3E254E8</string>
				</array>
				<key>isa</key>
				<string>PBXGroup</string>
				<key>name</key>
				<string>openni</string>
				<key>sourceTree</key>
				<string>&lt;group&gt;</string>
			</dict>
			<key>A2293B1C9F6FE00A2E1F6B4E</key>
			<dict>
				<key>explicitFileType</key>
				<string>sourcecode.c.h</string>
				<key>fileEncoding</key>
				<string>30</string>
				<key>isa</key>
				<string>PBXFileReference</string>
				<key>name</key>
				<string>XnPlatformAndroid-Arm.h</string>
				<key>path</key>
				<string>../../../addons/ofxOpenNI/libs/include/openni/Android-Arm/XnPlatformAndroid-Arm.h</string>
				<key>sourceTree</key>
				<string>SOURCE_ROOT</string>
			</dict>
			<key>3DB7108A59299429207F806D</key>
			<dict>
				<key>explicitFileType</key>
				<string>sourcecode.c.h</string>
				<key>fileEncoding</key>
				<string>30</string>
				<key>isa</key>
				<string>PBXFileReference</string>
				<key>name</key>
				<string>XnVWaveDetector.h</string>
				<key>path</key>
				<string>../../../addons/ofxOpenNI/libs/include/nite/XnVWaveDetector.h</string>
				<key>sourceTree</key>
				<string>SOURCE_ROOT</string>
			</dict>
			<key>C9E77A79DDF0DB79D2EFBDF8</key>
			<dict>
				<key>explicitFileType</key>
				<string>sourcecode.c.h</string>
				<key>fileEncoding</key>
				<string>30</string>
				<key>isa</key>
				<string>PBXFileReference</string>
				<key>name</key>
				<string>XnVVirtualCoordinates.h</string>
				<key>path</key>
				<string>../../../addons/ofxOpenNI/libs/include/nite/XnVVirtualCoordinates.h</string>
				<key>sourceTree</key>
				<string>SOURCE_ROOT</string>
			</dict>
			<key>35EF808F7C621C08C5A6D993</key>
			<dict>
				<key>explicitFileType</key>
				<string>sourcecode.c.h</string>
				<key>fileEncoding</key>
				<string>30</string>
				<key>isa</key>
				<string>PBXFileReference</string>
				<key>name</key>
				<string>XnVSwipeDetector.h</string>
				<key>path</key>
				<string>../../../addons/ofxOpenNI/libs/include/nite/XnVSwipeDetector.h</string>
				<key>sourceTree</key>
				<string>SOURCE_ROOT</string>
			</dict>
			<key>47889FDC1B961A9F5084D7FF</key>
			<dict>
				<key>explicitFileType</key>
				<string>sourcecode.c.h</string>
				<key>fileEncoding</key>
				<string>30</string>
				<key>isa</key>
				<string>PBXFileReference</string>
				<key>name</key>
				<string>XnVSteadyDetector.h</string>
				<key>path</key>
				<string>../../../addons/ofxOpenNI/libs/include/nite/XnVSteadyDetector.h</string>
				<key>sourceTree</key>
				<string>SOURCE_ROOT</string>
			</dict>
			<key>5106E0BDDE091EF4EF574461</key>
			<dict>
				<key>explicitFileType</key>
				<string>sourcecode.c.h</string>
				<key>fileEncoding</key>
				<string>30</string>
				<key>isa</key>
				<string>PBXFileReference</string>
				<key>name</key>
				<string>XnVSlider3D.h</string>
				<key>path</key>
				<string>../../../addons/ofxOpenNI/libs/include/nite/XnVSlider3D.h</string>
				<key>sourceTree</key>
				<string>SOURCE_ROOT</string>
			</dict>
			<key>AAC5D4D71AF6E7A264555EDD</key>
			<dict>
				<key>explicitFileType</key>
				<string>sourcecode.c.h</string>
				<key>fileEncoding</key>
				<string>30</string>
				<key>isa</key>
				<string>PBXFileReference</string>
				<key>name</key>
				<string>XnVSlider2D.h</string>
				<key>path</key>
				<string>../../../addons/ofxOpenNI/libs/include/nite/XnVSlider2D.h</string>
				<key>sourceTree</key>
				<string>SOURCE_ROOT</string>
			</dict>
			<key>F06484C0F76E7F5648C9B1CD</key>
			<dict>
				<key>explicitFileType</key>
				<string>sourcecode.c.h</string>
				<key>fileEncoding</key>
				<string>30</string>
				<key>isa</key>
				<string>PBXFileReference</string>
				<key>name</key>
				<string>XnVSlider1D.h</string>
				<key>path</key>
				<string>../../../addons/ofxOpenNI/libs/include/nite/XnVSlider1D.h</string>
				<key>sourceTree</key>
				<string>SOURCE_ROOT</string>
			</dict>
			<key>A021D09128102B2B3C0917DE</key>
			<dict>
				<key>explicitFileType</key>
				<string>sourcecode.c.h</string>
				<key>fileEncoding</key>
				<string>30</string>
				<key>isa</key>
				<string>PBXFileReference</string>
				<key>name</key>
				<string>XnVSessionMessage.h</string>
				<key>path</key>
				<string>../../../addons/ofxOpenNI/libs/include/nite/XnVSessionMessage.h</string>
				<key>sourceTree</key>
				<string>SOURCE_ROOT</string>
			</dict>
			<key>BDF3A5FCA9C713C56AB3468E</key>
			<dict>
				<key>explicitFileType</key>
				<string>sourcecode.c.h</string>
				<key>fileEncoding</key>
				<string>30</string>
				<key>isa</key>
				<string>PBXFileReference</string>
				<key>name</key>
				<string>XnVSessionManager.h</string>
				<key>path</key>
				<string>../../../addons/ofxOpenNI/libs/include/nite/XnVSessionManager.h</string>
				<key>sourceTree</key>
				<string>SOURCE_ROOT</string>
			</dict>
			<key>C9ABA0EF81C6AAD23CFE171F</key>
			<dict>
				<key>explicitFileType</key>
				<string>sourcecode.c.h</string>
				<key>fileEncoding</key>
				<string>30</string>
				<key>isa</key>
				<string>PBXFileReference</string>
				<key>name</key>
				<string>XnVSessionListener.h</string>
				<key>path</key>
				<string>../../../addons/ofxOpenNI/libs/include/nite/XnVSessionListener.h</string>
				<key>sourceTree</key>
				<string>SOURCE_ROOT</string>
			</dict>
			<key>FA0A575AC72F28918C662646</key>
			<dict>
				<key>explicitFileType</key>
				<string>sourcecode.c.h</string>
				<key>fileEncoding</key>
				<string>30</string>
				<key>isa</key>
				<string>PBXFileReference</string>
				<key>name</key>
				<string>XnVSessionGenerator.h</string>
				<key>path</key>
				<string>../../../addons/ofxOpenNI/libs/include/nite/XnVSessionGenerator.h</string>
				<key>sourceTree</key>
				<string>SOURCE_ROOT</string>
			</dict>
			<key>A146E03A088B31BAAF852AD5</key>
			<dict>
				<key>explicitFileType</key>
				<string>sourcecode.c.h</string>
				<key>fileEncoding</key>
				<string>30</string>
				<key>isa</key>
				<string>PBXFileReference</string>
				<key>name</key>
				<string>XnVSelectableSlider2D.h</string>
				<key>path</key>
				<string>../../../addons/ofxOpenNI/libs/include/nite/XnVSelectableSlider2D.h</string>
				<key>sourceTree</key>
				<string>SOURCE_ROOT</string>
			</dict>
			<key>AA5121D40985AFA075FFBC4C</key>
			<dict>
				<key>explicitFileType</key>
				<string>sourcecode.c.h</string>
				<key>fileEncoding</key>
				<string>30</string>
				<key>isa</key>
				<string>PBXFileReference</string>
				<key>name</key>
				<string>XnVSelectableSlider1D.h</string>
				<key>path</key>
				<string>../../../addons/ofxOpenNI/libs/include/nite/XnVSelectableSlider1D.h</string>
				<key>sourceTree</key>
				<string>SOURCE_ROOT</string>
			</dict>
			<key>54FAC710509D982A084054E4</key>
			<dict>
				<key>explicitFileType</key>
				<string>sourcecode.c.h</string>
				<key>fileEncoding</key>
				<string>30</string>
				<key>isa</key>
				<string>PBXFileReference</string>
				<key>name</key>
				<string>XnVPushDetector.h</string>
				<key>path</key>
				<string>../../../addons/ofxOpenNI/libs/include/nite/XnVPushDetector.h</string>
				<key>sourceTree</key>
				<string>SOURCE_ROOT</string>
			</dict>
			<key>44D3621286FACCF699242791</key>
			<dict>
				<key>explicitFileType</key>
				<string>sourcecode.c.h</string>
				<key>fileEncoding</key>
				<string>30</string>
				<key>isa</key>
				<string>PBXFileReference</string>
				<key>name</key>
				<string>XnVPointTracker.h</string>
				<key>path</key>
				<string>../../../addons/ofxOpenNI/libs/include/nite/XnVPointTracker.h</string>
				<key>sourceTree</key>
				<string>SOURCE_ROOT</string>
			</dict>
			<key>0EEC5BE937F2F28B51367F98</key>
			<dict>
				<key>explicitFileType</key>
				<string>sourcecode.c.h</string>
				<key>fileEncoding</key>
				<string>30</string>
				<key>isa</key>
				<string>PBXFileReference</string>
				<key>name</key>
				<string>XnVPointMessage.h</string>
				<key>path</key>
				<string>../../../addons/ofxOpenNI/libs/include/nite/XnVPointMessage.h</string>
				<key>sourceTree</key>
				<string>SOURCE_ROOT</string>
			</dict>
			<key>A9C33AFFFE1BB579146038C8</key>
			<dict>
				<key>explicitFileType</key>
				<string>sourcecode.c.h</string>
				<key>fileEncoding</key>
				<string>30</string>
				<key>isa</key>
				<string>PBXFileReference</string>
				<key>name</key>
				<string>XnVPointFilter.h</string>
				<key>path</key>
				<string>../../../addons/ofxOpenNI/libs/include/nite/XnVPointFilter.h</string>
				<key>sourceTree</key>
				<string>SOURCE_ROOT</string>
			</dict>
			<key>A9596BA9E70C9ECA9B142A00</key>
			<dict>
				<key>explicitFileType</key>
				<string>sourcecode.c.h</string>
				<key>fileEncoding</key>
				<string>30</string>
				<key>isa</key>
				<string>PBXFileReference</string>
				<key>name</key>
				<string>XnVPointDenoiser.h</string>
				<key>path</key>
				<string>../../../addons/ofxOpenNI/libs/include/nite/XnVPointDenoiser.h</string>
				<key>sourceTree</key>
				<string>SOURCE_ROOT</string>
			</dict>
			<key>BD1F3CE7B7FA7F3A17189AA4</key>
			<dict>
				<key>explicitFileType</key>
				<string>sourcecode.c.h</string>
				<key>fileEncoding</key>
				<string>30</string>
				<key>isa</key>
				<string>PBXFileReference</string>
				<key>name</key>
				<string>XnVPointControl.h</string>
				<key>path</key>
				<string>../../../addons/ofxOpenNI/libs/include/nite/XnVPointControl.h</string>
				<key>sourceTree</key>
				<string>SOURCE_ROOT</string>
			</dict>
			<key>D24F2B486FBAE4D1E89BED6C</key>
			<dict>
				<key>explicitFileType</key>
				<string>sourcecode.c.h</string>
				<key>fileEncoding</key>
				<string>30</string>
				<key>isa</key>
				<string>PBXFileReference</string>
				<key>name</key>
				<string>XnVPointArea.h</string>
				<key>path</key>
				<string>../../../addons/ofxOpenNI/libs/include/nite/XnVPointArea.h</string>
				<key>sourceTree</key>
				<string>SOURCE_ROOT</string>
			</dict>
			<key>CE5854AEDF5D172DBDEAC6E6</key>
			<dict>
				<key>explicitFileType</key>
				<string>sourcecode.c.h</string>
				<key>fileEncoding</key>
				<string>30</string>
				<key>isa</key>
				<string>PBXFileReference</string>
				<key>name</key>
				<string>XnVNiteVersion.h</string>
				<key>path</key>
				<string>../../../addons/ofxOpenNI/libs/include/nite/XnVNiteVersion.h</string>
				<key>sourceTree</key>
				<string>SOURCE_ROOT</string>
			</dict>
			<key>B23634E02C4506FB29CFD5E7</key>
			<dict>
				<key>explicitFileType</key>
				<string>sourcecode.c.h</string>
				<key>fileEncoding</key>
				<string>30</string>
				<key>isa</key>
				<string>PBXFileReference</string>
				<key>name</key>
				<string>XnVNiteStatus.h</string>
				<key>path</key>
				<string>../../../addons/ofxOpenNI/libs/include/nite/XnVNiteStatus.h</string>
				<key>sourceTree</key>
				<string>SOURCE_ROOT</string>
			</dict>
			<key>5CC36722DCF0B979684E96E9</key>
			<dict>
				<key>explicitFileType</key>
				<string>sourcecode.c.h</string>
				<key>fileEncoding</key>
				<string>30</string>
				<key>isa</key>
				<string>PBXFileReference</string>
				<key>name</key>
				<string>XnVNiteLog.h</string>
				<key>path</key>
				<string>../../../addons/ofxOpenNI/libs/include/nite/XnVNiteLog.h</string>
				<key>sourceTree</key>
				<string>SOURCE_ROOT</string>
			</dict>
			<key>0E7D94E8BB842CC296E392F1</key>
			<dict>
				<key>explicitFileType</key>
				<string>sourcecode.c.h</string>
				<key>fileEncoding</key>
				<string>30</string>
				<key>isa</key>
				<string>PBXFileReference</string>
				<key>name</key>
				<string>XnVNiteFramework.h</string>
				<key>path</key>
				<string>../../../addons/ofxOpenNI/libs/include/nite/XnVNiteFramework.h</string>
				<key>sourceTree</key>
				<string>SOURCE_ROOT</string>
			</dict>
			<key>DA47F72F387BDAE50B6D2F24</key>
			<dict>
				<key>explicitFileType</key>
				<string>sourcecode.c.h</string>
				<key>fileEncoding</key>
				<string>30</string>
				<key>isa</key>
				<string>PBXFileReference</string>
				<key>name</key>
				<string>XnVNiteDefs.h</string>
				<key>path</key>
				<string>../../../addons/ofxOpenNI/libs/include/nite/XnVNiteDefs.h</string>
				<key>sourceTree</key>
				<string>SOURCE_ROOT</string>
			</dict>
			<key>96A0CCB9F2A9E481586FA7B6</key>
			<dict>
				<key>explicitFileType</key>
				<string>sourcecode.c.h</string>
				<key>fileEncoding</key>
				<string>30</string>
				<key>isa</key>
				<string>PBXFileReference</string>
				<key>name</key>
				<string>XnVNiteControls.h</string>
				<key>path</key>
				<string>../../../addons/ofxOpenNI/libs/include/nite/XnVNiteControls.h</string>
				<key>sourceTree</key>
				<string>SOURCE_ROOT</string>
			</dict>
			<key>3FDEC005ED1355D04526D986</key>
			<dict>
				<key>explicitFileType</key>
				<string>sourcecode.c.h</string>
				<key>fileEncoding</key>
				<string>30</string>
				<key>isa</key>
				<string>PBXFileReference</string>
				<key>name</key>
				<string>XnVNite.h</string>
				<key>path</key>
				<string>../../../addons/ofxOpenNI/libs/include/nite/XnVNite.h</string>
				<key>sourceTree</key>
				<string>SOURCE_ROOT</string>
			</dict>
			<key>92E53D58815AD8B9D2DD8866</key>
			<dict>
				<key>explicitFileType</key>
				<string>sourcecode.c.h</string>
				<key>fileEncoding</key>
				<string>30</string>
				<key>isa</key>
				<string>PBXFileReference</string>
				<key>name</key>
				<string>XnVMultiProcessFlowServer.h</string>
				<key>path</key>
				<string>../../../addons/ofxOpenNI/libs/include/nite/XnVMultiProcessFlowServer.h</string>
				<key>sourceTree</key>
				<string>SOURCE_ROOT</string>
			</dict>
			<key>952226BB61CA7022ABEADC16</key>
			<dict>
				<key>explicitFileType</key>
				<string>sourcecode.c.h</string>
				<key>fileEncoding</key>
				<string>30</string>
				<key>isa</key>
				<string>PBXFileReference</string>
				<key>name</key>
				<string>XnVMultiProcessFlowClient.h</string>
				<key>path</key>
				<string>../../../addons/ofxOpenNI/libs/include/nite/XnVMultiProcessFlowClient.h</string>
				<key>sourceTree</key>
				<string>SOURCE_ROOT</string>
			</dict>
			<key>DFBEF0367FD16E4DD156D60A</key>
			<dict>
				<key>explicitFileType</key>
				<string>sourcecode.c.h</string>
				<key>fileEncoding</key>
				<string>30</string>
				<key>isa</key>
				<string>PBXFileReference</string>
				<key>name</key>
				<string>XnVMultipleHands.h</string>
				<key>path</key>
				<string>../../../addons/ofxOpenNI/libs/include/nite/XnVMultipleHands.h</string>
				<key>sourceTree</key>
				<string>SOURCE_ROOT</string>
			</dict>
			<key>DD6158A6EBA9AA95457E6525</key>
			<dict>
				<key>explicitFileType</key>
				<string>sourcecode.c.h</string>
				<key>fileEncoding</key>
				<string>30</string>
				<key>isa</key>
				<string>PBXFileReference</string>
				<key>name</key>
				<string>XnVMultiItemHysteresis2D.h</string>
				<key>path</key>
				<string>../../../addons/ofxOpenNI/libs/include/nite/XnVMultiItemHysteresis2D.h</string>
				<key>sourceTree</key>
				<string>SOURCE_ROOT</string>
			</dict>
			<key>BA6BB4759C4AFC91AD3C6A0D</key>
			<dict>
				<key>explicitFileType</key>
				<string>sourcecode.c.h</string>
				<key>fileEncoding</key>
				<string>30</string>
				<key>isa</key>
				<string>PBXFileReference</string>
				<key>name</key>
				<string>XnVMultiItemHysteresis1D.h</string>
				<key>path</key>
				<string>../../../addons/ofxOpenNI/libs/include/nite/XnVMultiItemHysteresis1D.h</string>
				<key>sourceTree</key>
				<string>SOURCE_ROOT</string>
			</dict>
			<key>50D5AC1B877CE4EA3EF570FC</key>
			<dict>
				<key>explicitFileType</key>
				<string>sourcecode.c.h</string>
				<key>fileEncoding</key>
				<string>30</string>
				<key>isa</key>
				<string>PBXFileReference</string>
				<key>name</key>
				<string>XnVMessageMux.h</string>
				<key>path</key>
				<string>../../../addons/ofxOpenNI/libs/include/nite/XnVMessageMux.h</string>
				<key>sourceTree</key>
				<string>SOURCE_ROOT</string>
			</dict>
			<key>C9BA9D4046E62246B459062E</key>
			<dict>
				<key>explicitFileType</key>
				<string>sourcecode.c.h</string>
				<key>fileEncoding</key>
				<string>30</string>
				<key>isa</key>
				<string>PBXFileReference</string>
				<key>name</key>
				<string>XnVMessageListener.h</string>
				<key>path</key>
				<string>../../../addons/ofxOpenNI/libs/include/nite/XnVMessageListener.h</string>
				<key>sourceTree</key>
				<string>SOURCE_ROOT</string>
			</dict>
			<key>4650DF84A7A5FFF5A4ACF9DE</key>
			<dict>
				<key>explicitFileType</key>
				<string>sourcecode.c.h</string>
				<key>fileEncoding</key>
				<string>30</string>
				<key>isa</key>
				<string>PBXFileReference</string>
				<key>name</key>
				<string>XnVMessageGenerator.h</string>
				<key>path</key>
				<string>../../../addons/ofxOpenNI/libs/include/nite/XnVMessageGenerator.h</string>
				<key>sourceTree</key>
				<string>SOURCE_ROOT</string>
			</dict>
			<key>59447C61852E9F5A39DA9708</key>
			<dict>
				<key>explicitFileType</key>
				<string>sourcecode.c.h</string>
				<key>fileEncoding</key>
				<string>30</string>
				<key>isa</key>
				<string>PBXFileReference</string>
				<key>name</key>
				<string>XnVMessage.h</string>
				<key>path</key>
				<string>../../../addons/ofxOpenNI/libs/include/nite/XnVMessage.h</string>
				<key>sourceTree</key>
				<string>SOURCE_ROOT</string>
			</dict>
			<key>B08F181A57A61D6D6040C136</key>
			<dict>
				<key>explicitFileType</key>
				<string>sourcecode.c.h</string>
				<key>fileEncoding</key>
				<string>30</string>
				<key>isa</key>
				<string>PBXFileReference</string>
				<key>name</key>
				<string>XnVMathCommon.h</string>
				<key>path</key>
				<string>../../../addons/ofxOpenNI/libs/include/nite/XnVMathCommon.h</string>
				<key>sourceTree</key>
				<string>SOURCE_ROOT</string>
			</dict>
			<key>59C40266705B5AAED09369A4</key>
			<dict>
				<key>explicitFileType</key>
				<string>sourcecode.c.h</string>
				<key>fileEncoding</key>
				<string>30</string>
				<key>isa</key>
				<string>PBXFileReference</string>
				<key>name</key>
				<string>XnVImageMessage.h</string>
				<key>path</key>
				<string>../../../addons/ofxOpenNI/libs/include/nite/XnVImageMessage.h</string>
				<key>sourceTree</key>
				<string>SOURCE_ROOT</string>
			</dict>
			<key>4E996BFD63B8557F0511968D</key>
			<dict>
				<key>explicitFileType</key>
				<string>sourcecode.c.h</string>
				<key>fileEncoding</key>
				<string>30</string>
				<key>isa</key>
				<string>PBXFileReference</string>
				<key>name</key>
				<string>XnVImageGenerator.h</string>
				<key>path</key>
				<string>../../../addons/ofxOpenNI/libs/include/nite/XnVImageGenerator.h</string>
				<key>sourceTree</key>
				<string>SOURCE_ROOT</string>
			</dict>
			<key>35FC439602DDA06C7740C956</key>
			<dict>
				<key>explicitFileType</key>
				<string>sourcecode.c.h</string>
				<key>fileEncoding</key>
				<string>30</string>
				<key>isa</key>
				<string>PBXFileReference</string>
				<key>name</key>
				<string>XnVHandPointContext.h</string>
				<key>path</key>
				<string>../../../addons/ofxOpenNI/libs/include/nite/XnVHandPointContext.h</string>
				<key>sourceTree</key>
				<string>SOURCE_ROOT</string>
			</dict>
			<key>C4EC03DADEFCDBB2485EE332</key>
			<dict>
				<key>explicitFileType</key>
				<string>sourcecode.c.h</string>
				<key>fileEncoding</key>
				<string>30</string>
				<key>isa</key>
				<string>PBXFileReference</string>
				<key>name</key>
				<string>XnVHandle.h</string>
				<key>path</key>
				<string>../../../addons/ofxOpenNI/libs/include/nite/XnVHandle.h</string>
				<key>sourceTree</key>
				<string>SOURCE_ROOT</string>
			</dict>
			<key>62B5F39898F0E2A3BBED12FF</key>
			<dict>
				<key>explicitFileType</key>
				<string>sourcecode.c.h</string>
				<key>fileEncoding</key>
				<string>30</string>
				<key>isa</key>
				<string>PBXFileReference</string>
				<key>name</key>
				<string>XnVGesture.h</string>
				<key>path</key>
				<string>../../../addons/ofxOpenNI/libs/include/nite/XnVGesture.h</string>
				<key>sourceTree</key>
				<string>SOURCE_ROOT</string>
			</dict>
			<key>1E6A960C89A4BC9BA8A7C798</key>
			<dict>
				<key>explicitFileType</key>
				<string>sourcecode.c.h</string>
				<key>fileEncoding</key>
				<string>30</string>
				<key>isa</key>
				<string>PBXFileReference</string>
				<key>name</key>
				<string>XnVFlowRouter.h</string>
				<key>path</key>
				<string>../../../addons/ofxOpenNI/libs/include/nite/XnVFlowRouter.h</string>
				<key>sourceTree</key>
				<string>SOURCE_ROOT</string>
			</dict>
			<key>DAD8D6B072437C00271C3945</key>
			<dict>
				<key>explicitFileType</key>
				<string>sourcecode.c.h</string>
				<key>fileEncoding</key>
				<string>30</string>
				<key>isa</key>
				<string>PBXFileReference</string>
				<key>name</key>
				<string>XnVFilter.h</string>
				<key>path</key>
				<string>../../../addons/ofxOpenNI/libs/include/nite/XnVFilter.h</string>
				<key>sourceTree</key>
				<string>SOURCE_ROOT</string>
			</dict>
			<key>7D9FA4309C0CEF8876943560</key>
			<dict>
				<key>explicitFileType</key>
				<string>sourcecode.c.h</string>
				<key>fileEncoding</key>
				<string>30</string>
				<key>isa</key>
				<string>PBXFileReference</string>
				<key>name</key>
				<string>XnVDirection.h</string>
				<key>path</key>
				<string>../../../addons/ofxOpenNI/libs/include/nite/XnVDirection.h</string>
				<key>sourceTree</key>
				<string>SOURCE_ROOT</string>
			</dict>
			<key>62886AB0304296331A32F082</key>
			<dict>
				<key>explicitFileType</key>
				<string>sourcecode.c.h</string>
				<key>fileEncoding</key>
				<string>30</string>
				<key>isa</key>
				<string>PBXFileReference</string>
				<key>name</key>
				<string>XnVDeviceMessage.h</string>
				<key>path</key>
				<string>../../../addons/ofxOpenNI/libs/include/nite/XnVDeviceMessage.h</string>
				<key>sourceTree</key>
				<string>SOURCE_ROOT</string>
			</dict>
			<key>B517123A138ADABBC0AF7A13</key>
			<dict>
				<key>explicitFileType</key>
				<string>sourcecode.c.h</string>
				<key>fileEncoding</key>
				<string>30</string>
				<key>isa</key>
				<string>PBXFileReference</string>
				<key>name</key>
				<string>XnVDeviceGenerator.h</string>
				<key>path</key>
				<string>../../../addons/ofxOpenNI/libs/include/nite/XnVDeviceGenerator.h</string>
				<key>sourceTree</key>
				<string>SOURCE_ROOT</string>
			</dict>
			<key>34ECBFB4F9C0BDD5414143C6</key>
			<dict>
				<key>explicitFileType</key>
				<string>sourcecode.c.h</string>
				<key>fileEncoding</key>
				<string>30</string>
				<key>isa</key>
				<string>PBXFileReference</string>
				<key>name</key>
				<string>XnVDeviceFilter.h</string>
				<key>path</key>
				<string>../../../addons/ofxOpenNI/libs/include/nite/XnVDeviceFilter.h</string>
				<key>sourceTree</key>
				<string>SOURCE_ROOT</string>
			</dict>
			<key>A36F7F4ED647CAA8A06A2F59</key>
			<dict>
				<key>explicitFileType</key>
				<string>sourcecode.c.h</string>
				<key>fileEncoding</key>
				<string>30</string>
				<key>isa</key>
				<string>PBXFileReference</string>
				<key>name</key>
				<string>XnVDeviceControl.h</string>
				<key>path</key>
				<string>../../../addons/ofxOpenNI/libs/include/nite/XnVDeviceControl.h</string>
				<key>sourceTree</key>
				<string>SOURCE_ROOT</string>
			</dict>
			<key>C7122F882A1448B0315FF2B7</key>
			<dict>
				<key>explicitFileType</key>
				<string>sourcecode.c.h</string>
				<key>fileEncoding</key>
				<string>30</string>
				<key>isa</key>
				<string>PBXFileReference</string>
				<key>name</key>
				<string>XnVDepthMessage.h</string>
				<key>path</key>
				<string>../../../addons/ofxOpenNI/libs/include/nite/XnVDepthMessage.h</string>
				<key>sourceTree</key>
				<string>SOURCE_ROOT</string>
			</dict>
			<key>3A62415F3C9D31D67A552AFC</key>
			<dict>
				<key>explicitFileType</key>
				<string>sourcecode.c.h</string>
				<key>fileEncoding</key>
				<string>30</string>
				<key>isa</key>
				<string>PBXFileReference</string>
				<key>name</key>
				<string>XnVDepthGenerator.h</string>
				<key>path</key>
				<string>../../../addons/ofxOpenNI/libs/include/nite/XnVDepthGenerator.h</string>
				<key>sourceTree</key>
				<string>SOURCE_ROOT</string>
			</dict>
			<key>3BF49DB56C10A6AC2891CE68</key>
			<dict>
				<key>explicitFileType</key>
				<string>sourcecode.c.h</string>
				<key>fileEncoding</key>
				<string>30</string>
				<key>isa</key>
				<string>PBXFileReference</string>
				<key>name</key>
				<string>XnVDepthControl.h</string>
				<key>path</key>
				<string>../../../addons/ofxOpenNI/libs/include/nite/XnVDepthControl.h</string>
				<key>sourceTree</key>
				<string>SOURCE_ROOT</string>
			</dict>
			<key>4AEA153C8830640D0B424EFA</key>
			<dict>
				<key>explicitFileType</key>
				<string>sourcecode.c.h</string>
				<key>fileEncoding</key>
				<string>30</string>
				<key>isa</key>
				<string>PBXFileReference</string>
				<key>name</key>
				<string>XnVComplexMessage.h</string>
				<key>path</key>
				<string>../../../addons/ofxOpenNI/libs/include/nite/XnVComplexMessage.h</string>
				<key>sourceTree</key>
				<string>SOURCE_ROOT</string>
			</dict>
			<key>21594CC8F1B71745576235E3</key>
			<dict>
				<key>explicitFileType</key>
				<string>sourcecode.c.h</string>
				<key>fileEncoding</key>
				<string>30</string>
				<key>isa</key>
				<string>PBXFileReference</string>
				<key>name</key>
				<string>XnVClickableVirtualPlane.h</string>
				<key>path</key>
				<string>../../../addons/ofxOpenNI/libs/include/nite/XnVClickableVirtualPlane.h</string>
				<key>sourceTree</key>
				<string>SOURCE_ROOT</string>
			</dict>
			<key>4A7C90CA601CA1932E4B71D4</key>
			<dict>
				<key>explicitFileType</key>
				<string>sourcecode.c.h</string>
				<key>fileEncoding</key>
				<string>30</string>
				<key>isa</key>
				<string>PBXFileReference</string>
				<key>name</key>
				<string>XnVCircleDetector.h</string>
				<key>path</key>
				<string>../../../addons/ofxOpenNI/libs/include/nite/XnVCircleDetector.h</string>
				<key>sourceTree</key>
				<string>SOURCE_ROOT</string>
			</dict>
			<key>DD09ADC320EC37BF91BA6FDE</key>
			<dict>
				<key>explicitFileType</key>
				<string>sourcecode.c.h</string>
				<key>fileEncoding</key>
				<string>30</string>
				<key>isa</key>
				<string>PBXFileReference</string>
				<key>name</key>
				<string>XnVCircle.h</string>
				<key>path</key>
				<string>../../../addons/ofxOpenNI/libs/include/nite/XnVCircle.h</string>
				<key>sourceTree</key>
				<string>SOURCE_ROOT</string>
			</dict>
			<key>4026EB176E904C4E5B61FD0A</key>
			<dict>
				<key>explicitFileType</key>
				<string>sourcecode.c.h</string>
				<key>fileEncoding</key>
				<string>30</string>
				<key>isa</key>
				<string>PBXFileReference</string>
				<key>name</key>
				<string>XnVCCMessage.h</string>
				<key>path</key>
				<string>../../../addons/ofxOpenNI/libs/include/nite/XnVCCMessage.h</string>
				<key>sourceTree</key>
				<string>SOURCE_ROOT</string>
			</dict>
			<key>48719BDED70AD62A3F7FD772</key>
			<dict>
				<key>explicitFileType</key>
				<string>sourcecode.c.h</string>
				<key>fileEncoding</key>
				<string>30</string>
				<key>isa</key>
				<string>PBXFileReference</string>
				<key>name</key>
				<string>XnVBroadcaster.h</string>
				<key>path</key>
				<string>../../../addons/ofxOpenNI/libs/include/nite/XnVBroadcaster.h</string>
				<key>sourceTree</key>
				<string>SOURCE_ROOT</string>
			</dict>
			<key>5DF75CD1B3D2812F5D4F009B</key>
			<dict>
				<key>explicitFileType</key>
				<string>sourcecode.c.h</string>
				<key>fileEncoding</key>
				<string>30</string>
				<key>isa</key>
				<string>PBXFileReference</string>
				<key>name</key>
				<string>XnVActivationMessage.h</string>
				<key>path</key>
				<string>../../../addons/ofxOpenNI/libs/include/nite/XnVActivationMessage.h</string>
				<key>sourceTree</key>
				<string>SOURCE_ROOT</string>
			</dict>
			<key>0699C9B6CE6FAE5EA08914A2</key>
			<dict>
				<key>explicitFileType</key>
				<string>sourcecode.c.h</string>
				<key>fileEncoding</key>
				<string>30</string>
				<key>isa</key>
				<string>PBXFileReference</string>
				<key>name</key>
				<string>XnV3DVector.h</string>
				<key>path</key>
				<string>../../../addons/ofxOpenNI/libs/include/nite/XnV3DVector.h</string>
				<key>sourceTree</key>
				<string>SOURCE_ROOT</string>
			</dict>
			<key>31B34AC1750901675A3C8806</key>
			<dict>
				<key>children</key>
				<array>
					<string>28F0A5B8946BB7A075E8B24D</string>
					<string>0699C9B6CE6FAE5EA08914A2</string>
					<string>5DF75CD1B3D2812F5D4F009B</string>
					<string>48719BDED70AD62A3F7FD772</string>
					<string>4026EB176E904C4E5B61FD0A</string>
					<string>DD09ADC320EC37BF91BA6FDE</string>
					<string>4A7C90CA601CA1932E4B71D4</string>
					<string>21594CC8F1B71745576235E3</string>
					<string>4AEA153C8830640D0B424EFA</string>
					<string>3BF49DB56C10A6AC2891CE68</string>
					<string>3A62415F3C9D31D67A552AFC</string>
					<string>C7122F882A1448B0315FF2B7</string>
					<string>A36F7F4ED647CAA8A06A2F59</string>
					<string>34ECBFB4F9C0BDD5414143C6</string>
					<string>B517123A138ADABBC0AF7A13</string>
					<string>62886AB0304296331A32F082</string>
					<string>7D9FA4309C0CEF8876943560</string>
					<string>DAD8D6B072437C00271C3945</string>
					<string>1E6A960C89A4BC9BA8A7C798</string>
					<string>62B5F39898F0E2A3BBED12FF</string>
					<string>C4EC03DADEFCDBB2485EE332</string>
					<string>35FC439602DDA06C7740C956</string>
					<string>4E996BFD63B8557F0511968D</string>
					<string>59C40266705B5AAED09369A4</string>
					<string>B08F181A57A61D6D6040C136</string>
					<string>59447C61852E9F5A39DA9708</string>
					<string>4650DF84A7A5FFF5A4ACF9DE</string>
					<string>C9BA9D4046E62246B459062E</string>
					<string>50D5AC1B877CE4EA3EF570FC</string>
					<string>BA6BB4759C4AFC91AD3C6A0D</string>
					<string>DD6158A6EBA9AA95457E6525</string>
					<string>DFBEF0367FD16E4DD156D60A</string>
					<string>952226BB61CA7022ABEADC16</string>
					<string>92E53D58815AD8B9D2DD8866</string>
					<string>3FDEC005ED1355D04526D986</string>
					<string>96A0CCB9F2A9E481586FA7B6</string>
					<string>DA47F72F387BDAE50B6D2F24</string>
					<string>0E7D94E8BB842CC296E392F1</string>
					<string>5CC36722DCF0B979684E96E9</string>
					<string>B23634E02C4506FB29CFD5E7</string>
					<string>CE5854AEDF5D172DBDEAC6E6</string>
					<string>D24F2B486FBAE4D1E89BED6C</string>
					<string>BD1F3CE7B7FA7F3A17189AA4</string>
					<string>A9596BA9E70C9ECA9B142A00</string>
					<string>A9C33AFFFE1BB579146038C8</string>
					<string>0EEC5BE937F2F28B51367F98</string>
					<string>44D3621286FACCF699242791</string>
					<string>54FAC710509D982A084054E4</string>
					<string>AA5121D40985AFA075FFBC4C</string>
					<string>A146E03A088B31BAAF852AD5</string>
					<string>FA0A575AC72F28918C662646</string>
					<string>C9ABA0EF81C6AAD23CFE171F</string>
					<string>BDF3A5FCA9C713C56AB3468E</string>
					<string>A021D09128102B2B3C0917DE</string>
					<string>F06484C0F76E7F5648C9B1CD</string>
					<string>AAC5D4D71AF6E7A264555EDD</string>
					<string>5106E0BDDE091EF4EF574461</string>
					<string>47889FDC1B961A9F5084D7FF</string>
					<string>35EF808F7C621C08C5A6D993</string>
					<string>C9E77A79DDF0DB79D2EFBDF8</string>
					<string>3DB7108A59299429207F806D</string>
				</array>
				<key>isa</key>
				<string>PBXGroup</string>
				<key>name</key>
				<string>nite</string>
				<key>sourceTree</key>
				<string>&lt;group&gt;</string>
			</dict>
			<key>28F0A5B8946BB7A075E8B24D</key>
			<dict>
				<key>explicitFileType</key>
				<string>sourcecode.c.h</string>
				<key>fileEncoding</key>
				<string>30</string>
				<key>isa</key>
				<string>PBXFileReference</string>
				<key>name</key>
				<string>XnCommon.h</string>
				<key>path</key>
				<string>../../../addons/ofxOpenNI/libs/include/nite/XnCommon.h</string>
				<key>sourceTree</key>
				<string>SOURCE_ROOT</string>
			</dict>
			<key>A3733548195A04A72D45ED17</key>
			<dict>
				<key>children</key>
				<array>
					<string>3226CCCC9814C74441B8E460</string>
				</array>
				<key>isa</key>
				<string>PBXGroup</string>
				<key>name</key>
				<string>libusb</string>
				<key>sourceTree</key>
				<string>&lt;group&gt;</string>
			</dict>
			<key>6901963A3AC67EA349B3CD67</key>
			<dict>
				<key>children</key>
				<array>
					<string>A3733548195A04A72D45ED17</string>
					<string>31B34AC1750901675A3C8806</string>
					<string>DE7547521FC7299F08844309</string>
				</array>
				<key>isa</key>
				<string>PBXGroup</string>
				<key>name</key>
				<string>include</string>
				<key>sourceTree</key>
				<string>&lt;group&gt;</string>
			</dict>
			<key>4EFCBFDD39E96F373EDF54D2</key>
			<dict>
				<key>children</key>
				<array>
					<string>6901963A3AC67EA349B3CD67</string>
				</array>
				<key>isa</key>
				<string>PBXGroup</string>
				<key>name</key>
				<string>libs</string>
				<key>sourceTree</key>
				<string>&lt;group&gt;</string>
			</dict>
			<key>3226CCCC9814C74441B8E460</key>
			<dict>
				<key>explicitFileType</key>
				<string>sourcecode.c.h</string>
				<key>fileEncoding</key>
				<string>30</string>
				<key>isa</key>
				<string>PBXFileReference</string>
				<key>name</key>
				<string>libusb.h</string>
				<key>path</key>
				<string>../../../addons/ofxOpenNI/libs/include/libusb/libusb.h</string>
				<key>sourceTree</key>
				<string>SOURCE_ROOT</string>
			</dict>
			<key>8F20CD8EDE8A4F9C69B4E8D8</key>
			<dict>
				<key>explicitFileType</key>
				<string>sourcecode.c.h</string>
				<key>fileEncoding</key>
				<string>30</string>
				<key>isa</key>
				<string>PBXFileReference</string>
				<key>name</key>
				<string>ofxOpenNIUtils.h</string>
				<key>path</key>
				<string>../../../addons/ofxOpenNI/src/ofxOpenNIUtils.h</string>
				<key>sourceTree</key>
				<string>SOURCE_ROOT</string>
			</dict>
			<key>BCC2D6CEC8482C753C08447D</key>
			<dict>
				<key>explicitFileType</key>
				<string>sourcecode.c.h</string>
				<key>fileEncoding</key>
				<string>30</string>
				<key>isa</key>
				<string>PBXFileReference</string>
				<key>name</key>
				<string>ofxOpenNITypes.h</string>
				<key>path</key>
				<string>../../../addons/ofxOpenNI/src/ofxOpenNITypes.h</string>
				<key>sourceTree</key>
				<string>SOURCE_ROOT</string>
			</dict>
			<key>53B8DC1D45EBD5267B24B601</key>
			<dict>
				<key>fileRef</key>
				<string>1510E35407533B95F05C297D</string>
				<key>isa</key>
				<string>PBXBuildFile</string>
			</dict>
			<key>1510E35407533B95F05C297D</key>
			<dict>
				<key>explicitFileType</key>
				<string>sourcecode.cpp.cpp</string>
				<key>fileEncoding</key>
				<string>30</string>
				<key>isa</key>
				<string>PBXFileReference</string>
				<key>name</key>
				<string>ofxOpenNITypes.cpp</string>
				<key>path</key>
				<string>../../../addons/ofxOpenNI/src/ofxOpenNITypes.cpp</string>
				<key>sourceTree</key>
				<string>SOURCE_ROOT</string>
			</dict>
			<key>508BDAD7439107A619B851D2</key>
			<dict>
				<key>explicitFileType</key>
				<string>sourcecode.c.h</string>
				<key>fileEncoding</key>
				<string>30</string>
				<key>isa</key>
				<string>PBXFileReference</string>
				<key>name</key>
				<string>ofxOpenNI.h</string>
				<key>path</key>
				<string>../../../addons/ofxOpenNI/src/ofxOpenNI.h</string>
				<key>sourceTree</key>
				<string>SOURCE_ROOT</string>
			</dict>
			<key>5767954245BB19799B9A2984</key>
			<dict>
				<key>children</key>
				<array>
					<string>12B3CD0D48AD549F971EB586</string>
					<string>508BDAD7439107A619B851D2</string>
					<string>1510E35407533B95F05C297D</string>
					<string>BCC2D6CEC8482C753C08447D</string>
					<string>8F20CD8EDE8A4F9C69B4E8D8</string>
				</array>
				<key>isa</key>
				<string>PBXGroup</string>
				<key>name</key>
				<string>src</string>
				<key>sourceTree</key>
				<string>&lt;group&gt;</string>
			</dict>
			<key>4D153BDEF846FA13A4C07F5F</key>
			<dict>
				<key>children</key>
				<array>
					<string>5767954245BB19799B9A2984</string>
					<string>4EFCBFDD39E96F373EDF54D2</string>
				</array>
				<key>isa</key>
				<string>PBXGroup</string>
				<key>name</key>
				<string>ofxOpenNI</string>
				<key>sourceTree</key>
				<string>&lt;group&gt;</string>
			</dict>
			<key>89D91BBAE9596D6E30AA6E35</key>
			<dict>
				<key>fileRef</key>
				<string>12B3CD0D48AD549F971EB586</string>
				<key>isa</key>
				<string>PBXBuildFile</string>
			</dict>
			<key>12B3CD0D48AD549F971EB586</key>
			<dict>
				<key>explicitFileType</key>
				<string>sourcecode.cpp.cpp</string>
				<key>fileEncoding</key>
				<string>30</string>
				<key>isa</key>
				<string>PBXFileReference</string>
				<key>name</key>
				<string>ofxOpenNI.cpp</string>
				<key>path</key>
				<string>../../../addons/ofxOpenNI/src/ofxOpenNI.cpp</string>
				<key>sourceTree</key>
				<string>SOURCE_ROOT</string>
			</dict>
			<key>BB4B014C10F69532006C3DED</key>
			<dict>
				<key>children</key>
				<array>
					<string>4D153BDEF846FA13A4C07F5F</string>
				</array>
				<key>isa</key>
				<string>PBXGroup</string>
				<key>name</key>
				<string>addons</string>
				<key>sourceTree</key>
				<string>&lt;group&gt;</string>
			</dict>
			<key>6948EE371B920CB800B5AC1A</key>
			<dict>
				<key>children</key>
				<array />
				<key>isa</key>
				<string>PBXGroup</string>
				<key>name</key>
				<string>local_addons</string>
				<key>sourceTree</key>
				<string>&lt;group&gt;</string>
			</dict>
			<key>E4328143138ABC890047C5CB</key>
			<dict>
				<key>isa</key>
				<string>PBXFileReference</string>
				<key>lastKnownFileType</key>
				<string>wrapper.pb-project</string>
				<key>name</key>
				<string>openFrameworksLib.xcodeproj</string>
				<key>path</key>
				<string>../../../libs/openFrameworksCompiled/project/osx/openFrameworksLib.xcodeproj</string>
				<key>sourceTree</key>
				<string>SOURCE_ROOT</string>
			</dict>
			<key>E4328144138ABC890047C5CB</key>
			<dict>
				<key>children</key>
				<array>
					<string>E4328148138ABC890047C5CB</string>
				</array>
				<key>isa</key>
				<string>PBXGroup</string>
				<key>name</key>
				<string>Products</string>
				<key>sourceTree</key>
				<string>&lt;group&gt;</string>
			</dict>
			<key>E4328147138ABC890047C5CB</key>
			<dict>
				<key>containerPortal</key>
				<string>E4328143138ABC890047C5CB</string>
				<key>isa</key>
				<string>PBXContainerItemProxy</string>
				<key>proxyType</key>
				<string>2</string>
				<key>remoteGlobalIDString</key>
				<string>E4B27C1510CBEB8E00536013</string>
				<key>remoteInfo</key>
				<string>openFrameworks</string>
			</dict>
			<key>E4328148138ABC890047C5CB</key>
			<dict>
				<key>fileType</key>
				<string>archive.ar</string>
				<key>isa</key>
				<string>PBXReferenceProxy</string>
				<key>path</key>
				<string>openFrameworksDebug.a</string>
				<key>remoteRef</key>
				<string>E4328147138ABC890047C5CB</string>
				<key>sourceTree</key>
				<string>BUILT_PRODUCTS_DIR</string>
			</dict>
			<key>E4328149138ABC9F0047C5CB</key>
			<dict>
				<key>fileRef</key>
				<string>E4328148138ABC890047C5CB</string>
				<key>isa</key>
				<string>PBXBuildFile</string>
			</dict>
			<key>E4B69B4A0A3A1720003C02F2</key>
			<dict>
				<key>children</key>
				<array>
					<string>E4B6FCAD0C3E899E008CF71C</string>
					<string>E4EB6923138AFD0F00A09F29</string>
					<string>E4B69E1C0A3A1BDC003C02F2</string>
					<string>E4EEC9E9138DF44700A80321</string>
					<string>BB4B014C10F69532006C3DED</string>
					<string>6948EE371B920CB800B5AC1A</string>
					<string>E4B69B5B0A3A1756003C02F2</string>
				</array>
				<key>isa</key>
				<string>PBXGroup</string>
				<key>sourceTree</key>
				<string>&lt;group&gt;</string>
			</dict>
			<key>E4B69B4C0A3A1720003C02F2</key>
			<dict>
				<key>attributes</key>
				<dict>
					<key>LastUpgradeCheck</key>
					<string>0600</string>
				</dict>
				<key>buildConfigurationList</key>
				<string>E4B69B4D0A3A1720003C02F2</string>
				<key>compatibilityVersion</key>
				<string>Xcode 3.2</string>
				<key>developmentRegion</key>
				<string>English</string>
				<key>hasScannedForEncodings</key>
				<string>0</string>
				<key>isa</key>
				<string>PBXProject</string>
				<key>knownRegions</key>
				<array>
					<string>English</string>
					<string>Japanese</string>
					<string>French</string>
					<string>German</string>
				</array>
				<key>mainGroup</key>
				<string>E4B69B4A0A3A1720003C02F2</string>
				<key>productRefGroup</key>
				<string>E4B69B4A0A3A1720003C02F2</string>
				<key>projectDirPath</key>
				<string />
				<key>projectReferences</key>
				<array>
					<dict>
						<key>ProductGroup</key>
						<string>E4328144138ABC890047C5CB</string>
						<key>ProjectRef</key>
						<string>E4328143138ABC890047C5CB</string>
					</dict>
				</array>
				<key>projectRoot</key>
				<string />
				<key>targets</key>
				<array>
					<string>E4B69B5A0A3A1756003C02F2</string>
				</array>
			</dict>
			<key>E4B69B4D0A3A1720003C02F2</key>
			<dict>
				<key>buildConfigurations</key>
				<array>
					<string>E4B69B4E0A3A1720003C02F2</string>
					<string>E4B69B4F0A3A1720003C02F2</string>
				</array>
				<key>defaultConfigurationIsVisible</key>
				<string>0</string>
				<key>defaultConfigurationName</key>
				<string>Release</string>
				<key>isa</key>
				<string>XCConfigurationList</string>
			</dict>
			<key>E4B69B4E0A3A1720003C02F2</key>
			<dict>
				<key>baseConfigurationReference</key>
				<string>E4EB6923138AFD0F00A09F29</string>
				<key>buildSettings</key>
				<dict>
					<key>HEADER_SEARCH_PATHS</key>
					<array>
						<string>$(OF_CORE_HEADERS)</string>
						<string>../../../addons/ofxOpenNI/libs</string>
						<string>../../../addons/ofxOpenNI/libs/include</string>
						<string>../../../addons/ofxOpenNI/libs/include/libusb</string>
						<string>../../../addons/ofxOpenNI/libs/include/nite</string>
						<string>../../../addons/ofxOpenNI/libs/include/openni</string>
						<string>../../../addons/ofxOpenNI/libs/include/openni/ARC</string>
						<string>../../../addons/ofxOpenNI/libs/include/openni/Android-Arm</string>
						<string>../../../addons/ofxOpenNI/libs/include/openni/Linux-Arm</string>
						<string>../../../addons/ofxOpenNI/libs/include/openni/Linux-x86</string>
						<string>../../../addons/ofxOpenNI/libs/include/openni/MacOSX</string>
						<string>../../../addons/ofxOpenNI/libs/include/openni/Win32</string>
						<string>../../../addons/ofxOpenNI/src</string>
					</array>
					<key>CONFIGURATION_BUILD_DIR</key>
					<string>$(SRCROOT)/bin/</string>
					<key>COPY_PHASE_STRIP</key>
					<string>NO</string>
					<key>DEAD_CODE_STRIPPING</key>
					<string>YES</string>
					<key>GCC_AUTO_VECTORIZATION</key>
					<string>YES</string>
					<key>GCC_ENABLE_SSE3_EXTENSIONS</key>
					<string>YES</string>
					<key>GCC_ENABLE_SUPPLEMENTAL_SSE3_INSTRUCTIONS</key>
					<string>YES</string>
					<key>GCC_INLINES_ARE_PRIVATE_EXTERN</key>
					<string>NO</string>
					<key>GCC_OPTIMIZATION_LEVEL</key>
					<string>0</string>
					<key>GCC_SYMBOLS_PRIVATE_EXTERN</key>
					<string>NO</string>
					<key>GCC_WARN_ABOUT_DEPRECATED_FUNCTIONS</key>
					<string>YES</string>
					<key>GCC_WARN_ABOUT_INVALID_OFFSETOF_MACRO</key>
					<string>NO</string>
					<key>GCC_WARN_ALLOW_INCOMPLETE_PROTOCOL</key>
					<string>NO</string>
					<key>GCC_WARN_UNINITIALIZED_AUTOS</key>
					<string>NO</string>
					<key>GCC_WARN_UNUSED_VALUE</key>
					<string>NO</string>
					<key>GCC_WARN_UNUSED_VARIABLE</key>
					<string>NO</string>
					<key>MACOSX_DEPLOYMENT_TARGET</key>
					<string>10.8</string>
					<key>ONLY_ACTIVE_ARCH</key>
					<string>YES</string>
					<key>OTHER_CPLUSPLUSFLAGS</key>
					<array>
						<string>-D__MACOSX_CORE__</string>
						<string>-mtune=native</string>
					</array>
					<key>SDKROOT</key>
					<string>macosx</string>
				</dict>
				<key>isa</key>
				<string>XCBuildConfiguration</string>
				<key>name</key>
				<string>Debug</string>
			</dict>
			<key>E4B69B4F0A3A1720003C02F2</key>
			<dict>
				<key>baseConfigurationReference</key>
				<string>E4EB6923138AFD0F00A09F29</string>
				<key>buildSettings</key>
				<dict>
					<key>HEADER_SEARCH_PATHS</key>
					<array>
						<string>$(OF_CORE_HEADERS)</string>
						<string>../../../addons/ofxOpenNI/libs</string>
						<string>../../../addons/ofxOpenNI/libs/include</string>
						<string>../../../addons/ofxOpenNI/libs/include/libusb</string>
						<string>../../../addons/ofxOpenNI/libs/include/nite</string>
						<string>../../../addons/ofxOpenNI/libs/include/openni</string>
						<string>../../../addons/ofxOpenNI/libs/include/openni/ARC</string>
						<string>../../../addons/ofxOpenNI/libs/include/openni/Android-Arm</string>
						<string>../../../addons/ofxOpenNI/libs/include/openni/Linux-Arm</string>
						<string>../../../addons/ofxOpenNI/libs/include/openni/Linux-x86</string>
						<string>../../../addons/ofxOpenNI/libs/include/openni/MacOSX</string>
						<string>../../../addons/ofxOpenNI/libs/include/openni/Win32</string>
						<string>../../../addons/ofxOpenNI/src</string>
					</array>
					<key>CONFIGURATION_BUILD_DIR</key>
					<string>$(SRCROOT)/bin/</string>
					<key>COPY_PHASE_STRIP</key>
					<string>YES</string>
					<key>DEAD_CODE_STRIPPING</key>
					<string>YES</string>
					<key>GCC_AUTO_VECTORIZATION</key>
					<string>YES</string>
					<key>GCC_ENABLE_SSE3_EXTENSIONS</key>
					<string>YES</string>
					<key>GCC_ENABLE_SUPPLEMENTAL_SSE3_INSTRUCTIONS</key>
					<string>YES</string>
					<key>GCC_INLINES_ARE_PRIVATE_EXTERN</key>
					<string>NO</string>
					<key>GCC_OPTIMIZATION_LEVEL</key>
					<string>3</string>
					<key>GCC_SYMBOLS_PRIVATE_EXTERN</key>
					<string>NO</string>
					<key>GCC_UNROLL_LOOPS</key>
					<string>YES</string>
					<key>GCC_WARN_ABOUT_DEPRECATED_FUNCTIONS</key>
					<string>YES</string>
					<key>GCC_WARN_ABOUT_INVALID_OFFSETOF_MACRO</key>
					<string>NO</string>
					<key>GCC_WARN_ALLOW_INCOMPLETE_PROTOCOL</key>
					<string>NO</string>
					<key>GCC_WARN_UNINITIALIZED_AUTOS</key>
					<string>NO</string>
					<key>GCC_WARN_UNUSED_VALUE</key>
					<string>NO</string>
					<key>GCC_WARN_UNUSED_VARIABLE</key>
					<string>NO</string>
					<key>MACOSX_DEPLOYMENT_TARGET</key>
					<string>10.8</string>
					<key>OTHER_CPLUSPLUSFLAGS</key>
					<array>
						<string>-D__MACOSX_CORE__</string>
						<string>-mtune=native</string>
					</array>
					<key>SDKROOT</key>
					<string>macosx</string>
				</dict>
				<key>isa</key>
				<string>XCBuildConfiguration</string>
				<key>name</key>
				<string>Release</string>
			</dict>
			<key>E4B69B580A3A1756003C02F2</key>
			<dict>
				<key>buildActionMask</key>
				<string>2147483647</string>
				<key>files</key>
				<array>
					<string>E4B69E200A3A1BDC003C02F2</string>
					<string>E4B69E210A3A1BDC003C02F2</string>
					<string>89D91BBAE9596D6E30AA6E35</string>
					<string>53B8DC1D45EBD5267B24B601</string>
				</array>
				<key>isa</key>
				<string>PBXSourcesBuildPhase</string>
				<key>runOnlyForDeploymentPostprocessing</key>
				<string>0</string>
			</dict>
			<key>E4B69B590A3A1756003C02F2</key>
			<dict>
				<key>buildActionMask</key>
				<string>2147483647</string>
				<key>files</key>
				<array>
					<string>E4328149138ABC9F0047C5CB</string>
				</array>
				<key>isa</key>
				<string>PBXFrameworksBuildPhase</string>
				<key>runOnlyForDeploymentPostprocessing</key>
				<string>0</string>
			</dict>
			<key>E4B69B5A0A3A1756003C02F2</key>
			<dict>
				<key>buildConfigurationList</key>
				<string>E4B69B5F0A3A1757003C02F2</string>
				<key>buildPhases</key>
				<array>
					<string>E4B69B580A3A1756003C02F2</string>
					<string>E4B69B590A3A1756003C02F2</string>
					<string>E4B6FFFD0C3F9AB9008CF71C</string>
					<string>E4C2427710CC5ABF004149E2</string>
				</array>
				<key>buildRules</key>
				<array />
				<key>dependencies</key>
				<array>
					<string>E4EEB9AC138B136A00A80321</string>
				</array>
				<key>isa</key>
				<string>PBXNativeTarget</string>
				<key>name</key>
				<string>ofOpenNi_example_new</string>
				<key>productName</key>
				<string>myOFApp</string>
				<key>productReference</key>
				<string>E4B69B5B0A3A1756003C02F2</string>
				<key>productType</key>
				<string>com.apple.product-type.application</string>
			</dict>
			<key>E4B69B5B0A3A1756003C02F2</key>
			<dict>
				<key>explicitFileType</key>
				<string>wrapper.application</string>
				<key>includeInIndex</key>
				<string>0</string>
				<key>isa</key>
				<string>PBXFileReference</string>
				<key>path</key>
				<string>ofOpenNi_example_newDebug.app</string>
				<key>sourceTree</key>
				<string>BUILT_PRODUCTS_DIR</string>
			</dict>
			<key>E4B69B5F0A3A1757003C02F2</key>
			<dict>
				<key>buildConfigurations</key>
				<array>
					<string>E4B69B600A3A1757003C02F2</string>
					<string>E4B69B610A3A1757003C02F2</string>
				</array>
				<key>defaultConfigurationIsVisible</key>
				<string>0</string>
				<key>defaultConfigurationName</key>
				<string>Release</string>
				<key>isa</key>
				<string>XCConfigurationList</string>
			</dict>
			<key>E4B69B600A3A1757003C02F2</key>
			<dict>
				<key>baseConfigurationReference</key>
				<string>E4EB6923138AFD0F00A09F29</string>
				<key>buildSettings</key>
				<dict>
					<key>HEADER_SEARCH_PATHS</key>
					<array>
						<string>$(OF_CORE_HEADERS)</string>
						<string>../../../addons/ofxOpenNI/libs</string>
						<string>../../../addons/ofxOpenNI/libs/include</string>
						<string>../../../addons/ofxOpenNI/libs/include/libusb</string>
						<string>../../../addons/ofxOpenNI/libs/include/nite</string>
						<string>../../../addons/ofxOpenNI/libs/include/openni</string>
						<string>../../../addons/ofxOpenNI/libs/include/openni/ARC</string>
						<string>../../../addons/ofxOpenNI/libs/include/openni/Android-Arm</string>
						<string>../../../addons/ofxOpenNI/libs/include/openni/Linux-Arm</string>
						<string>../../../addons/ofxOpenNI/libs/include/openni/Linux-x86</string>
						<string>../../../addons/ofxOpenNI/libs/include/openni/MacOSX</string>
						<string>../../../addons/ofxOpenNI/libs/include/openni/Win32</string>
						<string>../../../addons/ofxOpenNI/src</string>
					</array>
					<key>COMBINE_HIDPI_IMAGES</key>
					<string>YES</string>
					<key>COPY_PHASE_STRIP</key>
					<string>NO</string>
					<key>FRAMEWORK_SEARCH_PATHS</key>
					<array>
						<string>$(inherited)</string>
						<string>$(FRAMEWORK_SEARCH_PATHS_QUOTED_FOR_TARGET_1)</string>
					</array>
					<key>FRAMEWORK_SEARCH_PATHS_QUOTED_FOR_TARGET_1</key>
					<string>"$(SRCROOT)/../../../libs/glut/lib/osx"</string>
					<key>GCC_DYNAMIC_NO_PIC</key>
					<string>NO</string>
					<key>GCC_GENERATE_DEBUGGING_SYMBOLS</key>
					<string>YES</string>
					<key>GCC_MODEL_TUNING</key>
					<string>NONE</string>
					<key>ICON</key>
					<string>$(ICON_NAME_DEBUG)</string>
					<key>ICON_FILE</key>
					<string>$(ICON_FILE_PATH)$(ICON)</string>
					<key>INFOPLIST_FILE</key>
					<string>openFrameworks-Info.plist</string>
					<key>INSTALL_PATH</key>
					<string>$(HOME)/Applications</string>
					<key>LIBRARY_SEARCH_PATHS</key>
					<string>$(inherited)</string>
					<key>PRODUCT_NAME</key>
					<string>$(TARGET_NAME)Debug</string>
					<key>WRAPPER_EXTENSION</key>
					<string>app</string>
				</dict>
				<key>isa</key>
				<string>XCBuildConfiguration</string>
				<key>name</key>
				<string>Debug</string>
			</dict>
			<key>E4B69B610A3A1757003C02F2</key>
			<dict>
				<key>baseConfigurationReference</key>
				<string>E4EB6923138AFD0F00A09F29</string>
				<key>buildSettings</key>
				<dict>
					<key>HEADER_SEARCH_PATHS</key>
					<array>
						<string>$(OF_CORE_HEADERS)</string>
						<string>../../../addons/ofxOpenNI/libs</string>
						<string>../../../addons/ofxOpenNI/libs/include</string>
						<string>../../../addons/ofxOpenNI/libs/include/libusb</string>
						<string>../../../addons/ofxOpenNI/libs/include/nite</string>
						<string>../../../addons/ofxOpenNI/libs/include/openni</string>
						<string>../../../addons/ofxOpenNI/libs/include/openni/ARC</string>
						<string>../../../addons/ofxOpenNI/libs/include/openni/Android-Arm</string>
						<string>../../../addons/ofxOpenNI/libs/include/openni/Linux-Arm</string>
						<string>../../../addons/ofxOpenNI/libs/include/openni/Linux-x86</string>
						<string>../../../addons/ofxOpenNI/libs/include/openni/MacOSX</string>
						<string>../../../addons/ofxOpenNI/libs/include/openni/Win32</string>
						<string>../../../addons/ofxOpenNI/src</string>
					</array>
					<key>COMBINE_HIDPI_IMAGES</key>
					<string>YES</string>
					<key>COPY_PHASE_STRIP</key>
					<string>YES</string>
					<key>FRAMEWORK_SEARCH_PATHS</key>
					<array>
						<string>$(inherited)</string>
						<string>$(FRAMEWORK_SEARCH_PATHS_QUOTED_FOR_TARGET_1)</string>
					</array>
					<key>FRAMEWORK_SEARCH_PATHS_QUOTED_FOR_TARGET_1</key>
					<string>"$(SRCROOT)/../../../libs/glut/lib/osx"</string>
					<key>GCC_GENERATE_DEBUGGING_SYMBOLS</key>
					<string>YES</string>
					<key>GCC_MODEL_TUNING</key>
					<string>NONE</string>
					<key>ICON</key>
					<string>$(ICON_NAME_RELEASE)</string>
					<key>ICON_FILE</key>
					<string>$(ICON_FILE_PATH)$(ICON)</string>
					<key>INFOPLIST_FILE</key>
					<string>openFrameworks-Info.plist</string>
					<key>INSTALL_PATH</key>
					<string>$(HOME)/Applications</string>
					<key>LIBRARY_SEARCH_PATHS</key>
					<string>$(inherited)</string>
					<key>PRODUCT_NAME</key>
					<string>$(TARGET_NAME)</string>
					<key>WRAPPER_EXTENSION</key>
					<string>app</string>
					<key>baseConfigurationReference</key>
					<string>E4EB6923138AFD0F00A09F29</string>
				</dict>
				<key>isa</key>
				<string>XCBuildConfiguration</string>
				<key>name</key>
				<string>Release</string>
			</dict>
			<key>E4B69E1C0A3A1BDC003C02F2</key>
			<dict>
				<key>children</key>
				<array>
					<string>E4B69E1D0A3A1BDC003C02F2</string>
					<string>E4B69E1E0A3A1BDC003C02F2</string>
					<string>E4B69E1F0A3A1BDC003C02F2</string>
				</array>
				<key>isa</key>
				<string>PBXGroup</string>
				<key>path</key>
				<string>src</string>
				<key>sourceTree</key>
				<string>SOURCE_ROOT</string>
			</dict>
			<key>E4B69E1D0A3A1BDC003C02F2</key>
			<dict>
				<key>fileEncoding</key>
				<string>30</string>
				<key>isa</key>
				<string>PBXFileReference</string>
				<key>lastKnownFileType</key>
				<string>sourcecode.cpp.cpp</string>
				<key>name</key>
				<string>main.cpp</string>
				<key>path</key>
				<string>src/main.cpp</string>
				<key>sourceTree</key>
				<string>SOURCE_ROOT</string>
			</dict>
			<key>E4B69E1E0A3A1BDC003C02F2</key>
			<dict>
				<key>explicitFileType</key>
				<string>sourcecode.cpp.cpp</string>
				<key>fileEncoding</key>
				<string>30</string>
				<key>isa</key>
				<string>PBXFileReference</string>
				<key>name</key>
				<string>ofApp.cpp</string>
				<key>path</key>
				<string>src/ofApp.cpp</string>
				<key>sourceTree</key>
				<string>SOURCE_ROOT</string>
			</dict>
			<key>E4B69E1F0A3A1BDC003C02F2</key>
			<dict>
				<key>fileEncoding</key>
				<string>30</string>
				<key>isa</key>
				<string>PBXFileReference</string>
				<key>lastKnownFileType</key>
				<string>sourcecode.c.h</string>
				<key>name</key>
				<string>ofApp.h</string>
				<key>path</key>
				<string>src/ofApp.h</string>
				<key>sourceTree</key>
				<string>SOURCE_ROOT</string>
			</dict>
			<key>E4B69E200A3A1BDC003C02F2</key>
			<dict>
				<key>fileRef</key>
				<string>E4B69E1D0A3A1BDC003C02F2</string>
				<key>isa</key>
				<string>PBXBuildFile</string>
			</dict>
			<key>E4B69E210A3A1BDC003C02F2</key>
			<dict>
				<key>fileRef</key>
				<string>E4B69E1E0A3A1BDC003C02F2</string>
				<key>isa</key>
				<string>PBXBuildFile</string>
			</dict>
			<key>E4B6FCAD0C3E899E008CF71C</key>
			<dict>
				<key>fileEncoding</key>
				<string>30</string>
				<key>isa</key>
				<string>PBXFileReference</string>
				<key>lastKnownFileType</key>
				<string>text.plist.xml</string>
				<key>path</key>
				<string>openFrameworks-Info.plist</string>
				<key>sourceTree</key>
				<string>&lt;group&gt;</string>
			</dict>
			<key>E4B6FFFD0C3F9AB9008CF71C</key>
			<dict>
				<key>buildActionMask</key>
				<string>2147483647</string>
				<key>files</key>
				<array />
				<key>inputPaths</key>
				<array />
				<key>isa</key>
				<string>PBXShellScriptBuildPhase</string>
				<key>outputPaths</key>
				<array />
				<key>runOnlyForDeploymentPostprocessing</key>
				<string>0</string>
				<key>shellPath</key>
				<string>/bin/sh</string>
				<key>shellScript</key>
				<string>rsync -aved ../../../libs/fmodex/lib/osx/libfmodex.dylib "$TARGET_BUILD_DIR/$PRODUCT_NAME.app/Contents/MacOS/"; install_name_tool -change ./libfmodex.dylib @executable_path/libfmodex.dylib "$TARGET_BUILD_DIR/$PRODUCT_NAME.app/Contents/MacOS/$PRODUCT_NAME";
mkdir -p "$TARGET_BUILD_DIR/$PRODUCT_NAME.app/Contents/Resources/"
rsync -aved "$ICON_FILE" "$TARGET_BUILD_DIR/$PRODUCT_NAME.app/Contents/Resources/"
rsync -aved ../../../libs/glut/lib/osx/GLUT.framework "$TARGET_BUILD_DIR/$PRODUCT_NAME.app/Contents/Frameworks/"
</string>
			</dict>
			<key>E4C2427710CC5ABF004149E2</key>
			<dict>
				<key>buildActionMask</key>
				<string>2147483647</string>
				<key>dstPath</key>
				<string />
				<key>dstSubfolderSpec</key>
				<string>10</string>
				<key>files</key>
				<array />
				<key>isa</key>
				<string>PBXCopyFilesBuildPhase</string>
				<key>runOnlyForDeploymentPostprocessing</key>
				<string>0</string>
			</dict>
			<key>E4EB691F138AFCF100A09F29</key>
			<dict>
				<key>fileEncoding</key>
				<string>4</string>
				<key>isa</key>
				<string>PBXFileReference</string>
				<key>lastKnownFileType</key>
				<string>text.xcconfig</string>
				<key>name</key>
				<string>CoreOF.xcconfig</string>
				<key>path</key>
				<string>../../../libs/openFrameworksCompiled/project/osx/CoreOF.xcconfig</string>
				<key>sourceTree</key>
				<string>SOURCE_ROOT</string>
			</dict>
			<key>E4EB6923138AFD0F00A09F29</key>
			<dict>
				<key>fileEncoding</key>
				<string>4</string>
				<key>isa</key>
				<string>PBXFileReference</string>
				<key>lastKnownFileType</key>
				<string>text.xcconfig</string>
				<key>path</key>
				<string>Project.xcconfig</string>
				<key>sourceTree</key>
				<string>&lt;group&gt;</string>
			</dict>
			<key>E4EEB9AB138B136A00A80321</key>
			<dict>
				<key>containerPortal</key>
				<string>E4328143138ABC890047C5CB</string>
				<key>isa</key>
				<string>PBXContainerItemProxy</string>
				<key>proxyType</key>
				<string>1</string>
				<key>remoteGlobalIDString</key>
				<string>E4B27C1410CBEB8E00536013</string>
				<key>remoteInfo</key>
				<string>openFrameworks</string>
			</dict>
			<key>E4EEB9AC138B136A00A80321</key>
			<dict>
				<key>isa</key>
				<string>PBXTargetDependency</string>
				<key>name</key>
				<string>openFrameworks</string>
				<key>targetProxy</key>
				<string>E4EEB9AB138B136A00A80321</string>
			</dict>
			<key>E4EEC9E9138DF44700A80321</key>
			<dict>
				<key>children</key>
				<array>
					<string>E4EB691F138AFCF100A09F29</string>
					<string>E4328143138ABC890047C5CB</string>
				</array>
				<key>isa</key>
				<string>PBXGroup</string>
				<key>name</key>
				<string>openFrameworks</string>
				<key>sourceTree</key>
				<string>&lt;group&gt;</string>
			</dict>
		</dict>
		<key>rootObject</key>
		<string>E4B69B4C0A3A1720003C02F2</string>
	</dict>
</plist>
